<?xml version="1.0" encoding="utf-8"?>
<Project ToolsVersion="4.0" xmlns="http://schemas.microsoft.com/developer/msbuild/2003">
  <ItemGroup>
    <Filter Include="Source Files">
      <UniqueIdentifier>{4FC737F1-C7A5-4376-A066-2A32D752A2FF}</UniqueIdentifier>
      <Extensions>cpp;c;cc;cxx;def;odl;idl;hpj;bat;asm;asmx</Extensions>
    </Filter>
    <Filter Include="Header Files">
      <UniqueIdentifier>{93995380-89BD-4b04-88EB-625FBE52EBFB}</UniqueIdentifier>
      <Extensions>h;hpp;hxx;hm;inl;inc;xsd</Extensions>
    </Filter>
    <Filter Include="Resource Files">
      <UniqueIdentifier>{67DA6AB6-F800-4c08-8B7A-83BB121AAD01}</UniqueIdentifier>
      <Extensions>rc;ico;cur;bmp;dlg;rc2;rct;bin;rgs;gif;jpg;jpeg;jpe;resx;tiff;tif;png;wav;mfcribbon-ms</Extensions>
    </Filter>
    <Filter Include="Shaders">
      <UniqueIdentifier>{ba5b9eb1-e4d3-4b41-b0f6-4614b6bd64f1}</UniqueIdentifier>
    </Filter>
    <Filter Include="Camera">
      <UniqueIdentifier>{33720a02-d1b2-4718-aedc-a17fe65ecbf7}</UniqueIdentifier>
    </Filter>
    <Filter Include="Games">
      <UniqueIdentifier>{d1e0438f-dba3-40c0-9647-974459789cb8}</UniqueIdentifier>
    </Filter>
  </ItemGroup>
  <ItemGroup>
    <ClCompile Include="main.cpp">
      <Filter>Source Files</Filter>
    </ClCompile>
    <ClCompile Include="Game.cpp">
      <Filter>Source Files</Filter>
    </ClCompile>
    <ClCompile Include="GameComponent.cpp">
      <Filter>Source Files</Filter>
    </ClCompile>
    <ClCompile Include="Camera.cpp">
      <Filter>Camera</Filter>
    </ClCompile>
    <ClCompile Include="CubeTest.cpp">
      <Filter>Games</Filter>
    </ClCompile>
    <ClCompile Include="TriangleTest.cpp">
      <Filter>Games</Filter>
    </ClCompile>
    <ClCompile Include="TexturedCube.cpp">
      <Filter>Games</Filter>
    </ClCompile>
    <ClCompile Include="Model.cpp">
      <Filter>Source Files</Filter>
    </ClCompile>
    <ClCompile Include="Utils.cpp">
      <Filter>Source Files</Filter>
    </ClCompile>
    <ClCompile Include="ModelTest.cpp">
      <Filter>Games</Filter>
    </ClCompile>
    <ClCompile Include="Content.cpp">
      <Filter>Source Files</Filter>
    </ClCompile>
  </ItemGroup>
  <ItemGroup>
    <ClInclude Include="Game.h">
      <Filter>Header Files</Filter>
    </ClInclude>
    <ClInclude Include="GameComponent.h">
      <Filter>Header Files</Filter>
    </ClInclude>
    <ClInclude Include="Camera.h">
      <Filter>Camera</Filter>
    </ClInclude>
    <ClInclude Include="CubeTest.h">
      <Filter>Games</Filter>
    </ClInclude>
    <ClInclude Include="TriangleTest.h">
      <Filter>Games</Filter>
    </ClInclude>
    <ClInclude Include="TexturedCube.h">
      <Filter>Games</Filter>
    </ClInclude>
    <ClInclude Include="Model.h">
      <Filter>Header Files</Filter>
    </ClInclude>
    <ClInclude Include="Utils.h">
      <Filter>Source Files</Filter>
    </ClInclude>
    <ClInclude Include="ModelTest.h">
      <Filter>Games</Filter>
    </ClInclude>
    <ClInclude Include="Content.h">
      <Filter>Header Files</Filter>
    </ClInclude>
  </ItemGroup>
  <ItemGroup>
    <None Include="Shaders\TriangleFragmentShader.fragmentshader">
      <Filter>Shaders</Filter>
    </None>
    <None Include="Shaders\TriangleVertexShader.vertexshader">
      <Filter>Shaders</Filter>
    </None>
    <None Include="Shaders\CubeFragmentShader.fragmentshader">
      <Filter>Shaders</Filter>
    </None>
    <None Include="Shaders\CubeVertexShader.vertexshader">
      <Filter>Shaders</Filter>
    </None>
    <None Include="Shaders\TexturedCubeFragmentShader.fragmentshader">
      <Filter>Shaders</Filter>
    </None>
    <None Include="Shaders\TexturedCubeVertexShader.vertexshader">
      <Filter>Shaders</Filter>
    </None>
    <None Include="Shaders\StandardShading.fragmentshader">
      <Filter>Shaders</Filter>
    </None>
    <None Include="Shaders\StandardShading.vertexshader">
      <Filter>Shaders</Filter>
    </None>
    <None Include="Shaders\diffuse.fragmentshader">
      <Filter>Shaders</Filter>
    </None>
    <None Include="Shaders\diffuse.vertexshader">
      <Filter>Shaders</Filter>
    </None>
    <None Include="Shaders\standard.fragmentshader">
      <Filter>Shaders</Filter>
    </None>
    <None Include="Shaders\standard.vertexshader">
      <Filter>Shaders</Filter>
    </None>
  </ItemGroup>
</Project>