Microsoft Visual Studio Solution File, Format Version 11.00
# Visual Studio 2010
Project("{8BC9CEB8-8B4A-11D0-8D11-00A0C91BC942}") = "ALL_BUILD", "ALL_BUILD.vcxproj", "{4F287475-5B28-41F0-928A-FE0ECD6C7C2F}"
	ProjectSection(ProjectDependencies) = postProject
		{922D55D3-1230-4453-A72D-D6856A346F71} = {922D55D3-1230-4453-A72D-D6856A346F71}
		{2769655F-E4CD-41A3-82F0-E23E49E847CA} = {2769655F-E4CD-41A3-82F0-E23E49E847CA}
		{7F3FFFD1-481F-46C7-90C5-C76FABAA4F9F} = {7F3FFFD1-481F-46C7-90C5-C76FABAA4F9F}
		{5AACF054-0492-441D-B6D2-D6B364F41ABE} = {5AACF054-0492-441D-B6D2-D6B364F41ABE}
		{639525A1-6925-49E8-8E29-5B784661B198} = {639525A1-6925-49E8-8E29-5B784661B198}
		{469F7DED-6CFF-4971-BF9E-50D45A752675} = {469F7DED-6CFF-4971-BF9E-50D45A752675}
		{68049078-911D-4EF3-97E6-D7F0763E8D10} = {68049078-911D-4EF3-97E6-D7F0763E8D10}
		{9E20D405-476B-4DA3-8436-63713CEDDFCB} = {9E20D405-476B-4DA3-8436-63713CEDDFCB}
		{CF2C5567-0087-485B-82F8-100874C733C2} = {CF2C5567-0087-485B-82F8-100874C733C2}
		{285A54A9-C347-4854-8B2C-781D863548D7} = {285A54A9-C347-4854-8B2C-781D863548D7}
		{B27597DC-7287-4F9F-871A-C4DA4FF74779} = {B27597DC-7287-4F9F-871A-C4DA4FF74779}
		{2E0E95EC-3BEB-4E56-8634-CF1206A53D29} = {2E0E95EC-3BEB-4E56-8634-CF1206A53D29}
		{15D41967-6C7B-4A1B-8C17-888305BBBC97} = {15D41967-6C7B-4A1B-8C17-888305BBBC97}
		{55FCE97D-96FA-4D92-86E8-5032EB903440} = {55FCE97D-96FA-4D92-86E8-5032EB903440}
		{4E52DEDC-64CF-4FDD-8D50-5961F5E5C953} = {4E52DEDC-64CF-4FDD-8D50-5961F5E5C953}
		{C9931EF5-CE14-400E-829F-9AFF73D5C23D} = {C9931EF5-CE14-400E-829F-9AFF73D5C23D}
		{66241234-4522-49CA-A81F-2389172A1A6B} = {66241234-4522-49CA-A81F-2389172A1A6B}
		{EE626309-9458-44C2-8DCC-0E394226C46A} = {EE626309-9458-44C2-8DCC-0E394226C46A}
		{65A0B804-27CB-472E-B667-639BB35B0D21} = {65A0B804-27CB-472E-B667-639BB35B0D21}
		{33D3F53C-3962-4853-BE0C-70D7E4E87C82} = {33D3F53C-3962-4853-BE0C-70D7E4E87C82}
		{5D473AF7-71FF-4B81-9063-A6B868985B96} = {5D473AF7-71FF-4B81-9063-A6B868985B96}
		{4F9890AC-C36F-4288-ABD0-8F391DAE45A5} = {4F9890AC-C36F-4288-ABD0-8F391DAE45A5}
		{C4DFE063-624C-42E0-A610-95A7CCED061C} = {C4DFE063-624C-42E0-A610-95A7CCED061C}
		{3EFE8066-F2B5-4A6F-ABD8-932278A0942F} = {3EFE8066-F2B5-4A6F-ABD8-932278A0942F}
		{7878F339-BC22-4471-8753-84F382F6AEAC} = {7878F339-BC22-4471-8753-84F382F6AEAC}
		{53B832AE-F9A7-4EE2-86CE-08F8A753D30F} = {53B832AE-F9A7-4EE2-86CE-08F8A753D30F}
		{82190C1B-62FE-4759-8051-EAD9315BF89F} = {82190C1B-62FE-4759-8051-EAD9315BF89F}
		{CD25DE26-FA6B-4691-BACD-107F6A8AA1C8} = {CD25DE26-FA6B-4691-BACD-107F6A8AA1C8}
		{15CF4BE7-6AFC-4695-B36D-FA686D87BE47} = {15CF4BE7-6AFC-4695-B36D-FA686D87BE47}
		{7F90D533-2D43-4998-9B81-34D094F2AC46} = {7F90D533-2D43-4998-9B81-34D094F2AC46}
		{9481CBFF-812F-4182-B2D3-4AE047A9445E} = {9481CBFF-812F-4182-B2D3-4AE047A9445E}
		{D6C86D60-3065-4250-AA52-E2F87785F334} = {D6C86D60-3065-4250-AA52-E2F87785F334}
		{2F391AC3-AB53-4145-B0DB-F5734CD76DDA} = {2F391AC3-AB53-4145-B0DB-F5734CD76DDA}
		{51E085E8-DD92-41E6-BE24-4248115679C6} = {51E085E8-DD92-41E6-BE24-4248115679C6}
		{BE3CAD70-8F65-4B0C-A45C-6CD217C63C8A} = {BE3CAD70-8F65-4B0C-A45C-6CD217C63C8A}
		{EB48414C-7471-47FF-8D16-C2DC9135C125} = {EB48414C-7471-47FF-8D16-C2DC9135C125}
		{C959E868-68F7-4376-B241-32F8DA1F4B58} = {C959E868-68F7-4376-B241-32F8DA1F4B58}
		{B9F970B7-38A2-4CFC-A99C-515DC5B4F8E0} = {B9F970B7-38A2-4CFC-A99C-515DC5B4F8E0}
		{1F573067-5056-43B0-86BF-C1E091745F5D} = {1F573067-5056-43B0-86BF-C1E091745F5D}
		{2B5222F2-6C0A-44AB-80EB-5E0721AEE560} = {2B5222F2-6C0A-44AB-80EB-5E0721AEE560}
		{3818D880-F651-4019-824A-A59098402716} = {3818D880-F651-4019-824A-A59098402716}
		{CFD1DFCD-9378-47D1-AD9E-5F9A34D32845} = {CFD1DFCD-9378-47D1-AD9E-5F9A34D32845}
		{40855126-2D5B-4757-9A82-5DDED678699A} = {40855126-2D5B-4757-9A82-5DDED678699A}
		{857A4D57-384A-4509-B800-25564DA32B65} = {857A4D57-384A-4509-B800-25564DA32B65}
		{624BF754-C10F-4B04-99C4-7C251DD67A1C} = {624BF754-C10F-4B04-99C4-7C251DD67A1C}
		{E601E3D9-0E4F-4BA5-BD56-E19814699D61} = {E601E3D9-0E4F-4BA5-BD56-E19814699D61}
		{A3BED7D3-97A1-416E-A88C-507C89E6C0C5} = {A3BED7D3-97A1-416E-A88C-507C89E6C0C5}
		{244BE0A0-2228-4B61-A87D-064B38C78534} = {244BE0A0-2228-4B61-A87D-064B38C78534}
		{55AE1F4D-E594-4774-A9E6-F359C35937A5} = {55AE1F4D-E594-4774-A9E6-F359C35937A5}
		{A14C5B0F-7A5F-4D2A-8983-212387AB45A7} = {A14C5B0F-7A5F-4D2A-8983-212387AB45A7}
		{E559E615-6807-441A-9B80-8DB35FC4E2AA} = {E559E615-6807-441A-9B80-8DB35FC4E2AA}
		{46B235D0-776A-47C3-934D-9152A68C3D06} = {46B235D0-776A-47C3-934D-9152A68C3D06}
		{B0226700-F33D-4C7C-9F58-268BBAC208F1} = {B0226700-F33D-4C7C-9F58-268BBAC208F1}
		{337F9294-F385-447A-81BB-A7FDE517FD3D} = {337F9294-F385-447A-81BB-A7FDE517FD3D}
		{0026769B-3293-4EF9-A9C7-132D582D9A7D} = {0026769B-3293-4EF9-A9C7-132D582D9A7D}
		{CF66184C-97D9-4B57-B05C-256148FBA39C} = {CF66184C-97D9-4B57-B05C-256148FBA39C}
		{3DF0B844-BE68-4BDA-A21C-9B1BBD868C51} = {3DF0B844-BE68-4BDA-A21C-9B1BBD868C51}
		{4527CF83-2F1C-4764-AFD9-3BCFC0ADAD73} = {4527CF83-2F1C-4764-AFD9-3BCFC0ADAD73}
		{5D90A487-E23F-46D1-93F6-D05CE1FEE3BA} = {5D90A487-E23F-46D1-93F6-D05CE1FEE3BA}
		{601006DE-FDC9-4BB6-A595-42A184CF77CC} = {601006DE-FDC9-4BB6-A595-42A184CF77CC}
	EndProjectSection
EndProject
Project("{8BC9CEB8-8B4A-11D0-8D11-00A0C91BC942}") = "AppAllBulletDemos", "Demos\AllBulletDemos\AppAllBulletDemos.vcxproj", "{922D55D3-1230-4453-A72D-D6856A346F71}"
	ProjectSection(ProjectDependencies) = postProject
		{624BF754-C10F-4B04-99C4-7C251DD67A1C} = {624BF754-C10F-4B04-99C4-7C251DD67A1C}
		{E601E3D9-0E4F-4BA5-BD56-E19814699D61} = {E601E3D9-0E4F-4BA5-BD56-E19814699D61}
		{A3BED7D3-97A1-416E-A88C-507C89E6C0C5} = {A3BED7D3-97A1-416E-A88C-507C89E6C0C5}
		{55AE1F4D-E594-4774-A9E6-F359C35937A5} = {55AE1F4D-E594-4774-A9E6-F359C35937A5}
		{E559E615-6807-441A-9B80-8DB35FC4E2AA} = {E559E615-6807-441A-9B80-8DB35FC4E2AA}
		{B0226700-F33D-4C7C-9F58-268BBAC208F1} = {B0226700-F33D-4C7C-9F58-268BBAC208F1}
		{337F9294-F385-447A-81BB-A7FDE517FD3D} = {337F9294-F385-447A-81BB-A7FDE517FD3D}
		{0026769B-3293-4EF9-A9C7-132D582D9A7D} = {0026769B-3293-4EF9-A9C7-132D582D9A7D}
		{CF66184C-97D9-4B57-B05C-256148FBA39C} = {CF66184C-97D9-4B57-B05C-256148FBA39C}
		{3DF0B844-BE68-4BDA-A21C-9B1BBD868C51} = {3DF0B844-BE68-4BDA-A21C-9B1BBD868C51}
		{5D90A487-E23F-46D1-93F6-D05CE1FEE3BA} = {5D90A487-E23F-46D1-93F6-D05CE1FEE3BA}
		{601006DE-FDC9-4BB6-A595-42A184CF77CC} = {601006DE-FDC9-4BB6-A595-42A184CF77CC}
	EndProjectSection
EndProject
Project("{8BC9CEB8-8B4A-11D0-8D11-00A0C91BC942}") = "AppBasicDemo", "Demos\BasicDemo\AppBasicDemo.vcxproj", "{2769655F-E4CD-41A3-82F0-E23E49E847CA}"
	ProjectSection(ProjectDependencies) = postProject
		{624BF754-C10F-4B04-99C4-7C251DD67A1C} = {624BF754-C10F-4B04-99C4-7C251DD67A1C}
		{E601E3D9-0E4F-4BA5-BD56-E19814699D61} = {E601E3D9-0E4F-4BA5-BD56-E19814699D61}
		{3DF0B844-BE68-4BDA-A21C-9B1BBD868C51} = {3DF0B844-BE68-4BDA-A21C-9B1BBD868C51}
		{5D90A487-E23F-46D1-93F6-D05CE1FEE3BA} = {5D90A487-E23F-46D1-93F6-D05CE1FEE3BA}
		{601006DE-FDC9-4BB6-A595-42A184CF77CC} = {601006DE-FDC9-4BB6-A595-42A184CF77CC}
	EndProjectSection
EndProject
Project("{8BC9CEB8-8B4A-11D0-8D11-00A0C91BC942}") = "AppBenchmarks", "Demos\Benchmarks\AppBenchmarks.vcxproj", "{7F3FFFD1-481F-46C7-90C5-C76FABAA4F9F}"
	ProjectSection(ProjectDependencies) = postProject
		{624BF754-C10F-4B04-99C4-7C251DD67A1C} = {624BF754-C10F-4B04-99C4-7C251DD67A1C}
		{E601E3D9-0E4F-4BA5-BD56-E19814699D61} = {E601E3D9-0E4F-4BA5-BD56-E19814699D61}
		{3DF0B844-BE68-4BDA-A21C-9B1BBD868C51} = {3DF0B844-BE68-4BDA-A21C-9B1BBD868C51}
		{5D90A487-E23F-46D1-93F6-D05CE1FEE3BA} = {5D90A487-E23F-46D1-93F6-D05CE1FEE3BA}
		{601006DE-FDC9-4BB6-A595-42A184CF77CC} = {601006DE-FDC9-4BB6-A595-42A184CF77CC}
	EndProjectSection
EndProject
Project("{8BC9CEB8-8B4A-11D0-8D11-00A0C91BC942}") = "AppBox2dDemo", "Demos\Box2dDemo\AppBox2dDemo.vcxproj", "{5AACF054-0492-441D-B6D2-D6B364F41ABE}"
	ProjectSection(ProjectDependencies) = postProject
		{624BF754-C10F-4B04-99C4-7C251DD67A1C} = {624BF754-C10F-4B04-99C4-7C251DD67A1C}
		{E601E3D9-0E4F-4BA5-BD56-E19814699D61} = {E601E3D9-0E4F-4BA5-BD56-E19814699D61}
		{3DF0B844-BE68-4BDA-A21C-9B1BBD868C51} = {3DF0B844-BE68-4BDA-A21C-9B1BBD868C51}
		{5D90A487-E23F-46D1-93F6-D05CE1FEE3BA} = {5D90A487-E23F-46D1-93F6-D05CE1FEE3BA}
		{601006DE-FDC9-4BB6-A595-42A184CF77CC} = {601006DE-FDC9-4BB6-A595-42A184CF77CC}
	EndProjectSection
EndProject
Project("{8BC9CEB8-8B4A-11D0-8D11-00A0C91BC942}") = "AppBspPhysicsDemo", "Demos\BspDemo\AppBspPhysicsDemo.vcxproj", "{639525A1-6925-49E8-8E29-5B784661B198}"
	ProjectSection(ProjectDependencies) = postProject
		{624BF754-C10F-4B04-99C4-7C251DD67A1C} = {624BF754-C10F-4B04-99C4-7C251DD67A1C}
		{E601E3D9-0E4F-4BA5-BD56-E19814699D61} = {E601E3D9-0E4F-4BA5-BD56-E19814699D61}
		{3DF0B844-BE68-4BDA-A21C-9B1BBD868C51} = {3DF0B844-BE68-4BDA-A21C-9B1BBD868C51}
		{5D90A487-E23F-46D1-93F6-D05CE1FEE3BA} = {5D90A487-E23F-46D1-93F6-D05CE1FEE3BA}
		{601006DE-FDC9-4BB6-A595-42A184CF77CC} = {601006DE-FDC9-4BB6-A595-42A184CF77CC}
	EndProjectSection
EndProject
Project("{8BC9CEB8-8B4A-11D0-8D11-00A0C91BC942}") = "AppBulletXmlImportDemo", "Demos\BulletXmlImportDemo\AppBulletXmlImportDemo.vcxproj", "{469F7DED-6CFF-4971-BF9E-50D45A752675}"
	ProjectSection(ProjectDependencies) = postProject
		{624BF754-C10F-4B04-99C4-7C251DD67A1C} = {624BF754-C10F-4B04-99C4-7C251DD67A1C}
		{E601E3D9-0E4F-4BA5-BD56-E19814699D61} = {E601E3D9-0E4F-4BA5-BD56-E19814699D61}
		{A3BED7D3-97A1-416E-A88C-507C89E6C0C5} = {A3BED7D3-97A1-416E-A88C-507C89E6C0C5}
		{55AE1F4D-E594-4774-A9E6-F359C35937A5} = {55AE1F4D-E594-4774-A9E6-F359C35937A5}
		{E559E615-6807-441A-9B80-8DB35FC4E2AA} = {E559E615-6807-441A-9B80-8DB35FC4E2AA}
		{46B235D0-776A-47C3-934D-9152A68C3D06} = {46B235D0-776A-47C3-934D-9152A68C3D06}
		{3DF0B844-BE68-4BDA-A21C-9B1BBD868C51} = {3DF0B844-BE68-4BDA-A21C-9B1BBD868C51}
		{5D90A487-E23F-46D1-93F6-D05CE1FEE3BA} = {5D90A487-E23F-46D1-93F6-D05CE1FEE3BA}
		{601006DE-FDC9-4BB6-A595-42A184CF77CC} = {601006DE-FDC9-4BB6-A595-42A184CF77CC}
	EndProjectSection
EndProject
Project("{8BC9CEB8-8B4A-11D0-8D11-00A0C91BC942}") = "AppCcdPhysicsDemo", "Demos\CcdPhysicsDemo\AppCcdPhysicsDemo.vcxproj", "{68049078-911D-4EF3-97E6-D7F0763E8D10}"
	ProjectSection(ProjectDependencies) = postProject
		{624BF754-C10F-4B04-99C4-7C251DD67A1C} = {624BF754-C10F-4B04-99C4-7C251DD67A1C}
		{E601E3D9-0E4F-4BA5-BD56-E19814699D61} = {E601E3D9-0E4F-4BA5-BD56-E19814699D61}
		{3DF0B844-BE68-4BDA-A21C-9B1BBD868C51} = {3DF0B844-BE68-4BDA-A21C-9B1BBD868C51}
		{5D90A487-E23F-46D1-93F6-D05CE1FEE3BA} = {5D90A487-E23F-46D1-93F6-D05CE1FEE3BA}
		{601006DE-FDC9-4BB6-A595-42A184CF77CC} = {601006DE-FDC9-4BB6-A595-42A184CF77CC}
	EndProjectSection
EndProject
Project("{8BC9CEB8-8B4A-11D0-8D11-00A0C91BC942}") = "AppCharacterDemo", "Demos\CharacterDemo\AppCharacterDemo.vcxproj", "{9E20D405-476B-4DA3-8436-63713CEDDFCB}"
	ProjectSection(ProjectDependencies) = postProject
		{624BF754-C10F-4B04-99C4-7C251DD67A1C} = {624BF754-C10F-4B04-99C4-7C251DD67A1C}
		{E601E3D9-0E4F-4BA5-BD56-E19814699D61} = {E601E3D9-0E4F-4BA5-BD56-E19814699D61}
		{3DF0B844-BE68-4BDA-A21C-9B1BBD868C51} = {3DF0B844-BE68-4BDA-A21C-9B1BBD868C51}
		{5D90A487-E23F-46D1-93F6-D05CE1FEE3BA} = {5D90A487-E23F-46D1-93F6-D05CE1FEE3BA}
		{601006DE-FDC9-4BB6-A595-42A184CF77CC} = {601006DE-FDC9-4BB6-A595-42A184CF77CC}
	EndProjectSection
EndProject
Project("{8BC9CEB8-8B4A-11D0-8D11-00A0C91BC942}") = "AppCollisionDemo", "Demos\CollisionDemo\AppCollisionDemo.vcxproj", "{CF2C5567-0087-485B-82F8-100874C733C2}"
	ProjectSection(ProjectDependencies) = postProject
		{624BF754-C10F-4B04-99C4-7C251DD67A1C} = {624BF754-C10F-4B04-99C4-7C251DD67A1C}
		{E601E3D9-0E4F-4BA5-BD56-E19814699D61} = {E601E3D9-0E4F-4BA5-BD56-E19814699D61}
		{3DF0B844-BE68-4BDA-A21C-9B1BBD868C51} = {3DF0B844-BE68-4BDA-A21C-9B1BBD868C51}
		{5D90A487-E23F-46D1-93F6-D05CE1FEE3BA} = {5D90A487-E23F-46D1-93F6-D05CE1FEE3BA}
		{601006DE-FDC9-4BB6-A595-42A184CF77CC} = {601006DE-FDC9-4BB6-A595-42A184CF77CC}
	EndProjectSection
EndProject
Project("{8BC9CEB8-8B4A-11D0-8D11-00A0C91BC942}") = "AppCollisionInterfaceDemo", "Demos\CollisionInterfaceDemo\AppCollisionInterfaceDemo.vcxproj", "{285A54A9-C347-4854-8B2C-781D863548D7}"
	ProjectSection(ProjectDependencies) = postProject
		{624BF754-C10F-4B04-99C4-7C251DD67A1C} = {624BF754-C10F-4B04-99C4-7C251DD67A1C}
		{E601E3D9-0E4F-4BA5-BD56-E19814699D61} = {E601E3D9-0E4F-4BA5-BD56-E19814699D61}
		{3DF0B844-BE68-4BDA-A21C-9B1BBD868C51} = {3DF0B844-BE68-4BDA-A21C-9B1BBD868C51}
		{5D90A487-E23F-46D1-93F6-D05CE1FEE3BA} = {5D90A487-E23F-46D1-93F6-D05CE1FEE3BA}
		{601006DE-FDC9-4BB6-A595-42A184CF77CC} = {601006DE-FDC9-4BB6-A595-42A184CF77CC}
	EndProjectSection
EndProject
Project("{8BC9CEB8-8B4A-11D0-8D11-00A0C91BC942}") = "AppConcaveConvexCastDemo", "Demos\ConcaveConvexcastDemo\AppConcaveConvexCastDemo.vcxproj", "{B27597DC-7287-4F9F-871A-C4DA4FF74779}"
	ProjectSection(ProjectDependencies) = postProject
		{624BF754-C10F-4B04-99C4-7C251DD67A1C} = {624BF754-C10F-4B04-99C4-7C251DD67A1C}
		{E601E3D9-0E4F-4BA5-BD56-E19814699D61} = {E601E3D9-0E4F-4BA5-BD56-E19814699D61}
		{3DF0B844-BE68-4BDA-A21C-9B1BBD868C51} = {3DF0B844-BE68-4BDA-A21C-9B1BBD868C51}
		{5D90A487-E23F-46D1-93F6-D05CE1FEE3BA} = {5D90A487-E23F-46D1-93F6-D05CE1FEE3BA}
		{601006DE-FDC9-4BB6-A595-42A184CF77CC} = {601006DE-FDC9-4BB6-A595-42A184CF77CC}
	EndProjectSection
EndProject
Project("{8BC9CEB8-8B4A-11D0-8D11-00A0C91BC942}") = "AppConcaveDemo", "Demos\ConcaveDemo\AppConcaveDemo.vcxproj", "{2E0E95EC-3BEB-4E56-8634-CF1206A53D29}"
	ProjectSection(ProjectDependencies) = postProject
		{624BF754-C10F-4B04-99C4-7C251DD67A1C} = {624BF754-C10F-4B04-99C4-7C251DD67A1C}
		{E601E3D9-0E4F-4BA5-BD56-E19814699D61} = {E601E3D9-0E4F-4BA5-BD56-E19814699D61}
		{A3BED7D3-97A1-416E-A88C-507C89E6C0C5} = {A3BED7D3-97A1-416E-A88C-507C89E6C0C5}
		{E559E615-6807-441A-9B80-8DB35FC4E2AA} = {E559E615-6807-441A-9B80-8DB35FC4E2AA}
		{3DF0B844-BE68-4BDA-A21C-9B1BBD868C51} = {3DF0B844-BE68-4BDA-A21C-9B1BBD868C51}
		{5D90A487-E23F-46D1-93F6-D05CE1FEE3BA} = {5D90A487-E23F-46D1-93F6-D05CE1FEE3BA}
		{601006DE-FDC9-4BB6-A595-42A184CF77CC} = {601006DE-FDC9-4BB6-A595-42A184CF77CC}
	EndProjectSection
EndProject
Project("{8BC9CEB8-8B4A-11D0-8D11-00A0C91BC942}") = "AppConcaveRayCastDemo", "Demos\ConcaveRaycastDemo\AppConcaveRayCastDemo.vcxproj", "{15D41967-6C7B-4A1B-8C17-888305BBBC97}"
	ProjectSection(ProjectDependencies) = postProject
		{624BF754-C10F-4B04-99C4-7C251DD67A1C} = {624BF754-C10F-4B04-99C4-7C251DD67A1C}
		{E601E3D9-0E4F-4BA5-BD56-E19814699D61} = {E601E3D9-0E4F-4BA5-BD56-E19814699D61}
		{3DF0B844-BE68-4BDA-A21C-9B1BBD868C51} = {3DF0B844-BE68-4BDA-A21C-9B1BBD868C51}
		{5D90A487-E23F-46D1-93F6-D05CE1FEE3BA} = {5D90A487-E23F-46D1-93F6-D05CE1FEE3BA}
		{601006DE-FDC9-4BB6-A595-42A184CF77CC} = {601006DE-FDC9-4BB6-A595-42A184CF77CC}
	EndProjectSection
EndProject
Project("{8BC9CEB8-8B4A-11D0-8D11-00A0C91BC942}") = "AppConstraintDemo", "Demos\ConstraintDemo\AppConstraintDemo.vcxproj", "{55FCE97D-96FA-4D92-86E8-5032EB903440}"
	ProjectSection(ProjectDependencies) = postProject
		{624BF754-C10F-4B04-99C4-7C251DD67A1C} = {624BF754-C10F-4B04-99C4-7C251DD67A1C}
		{E601E3D9-0E4F-4BA5-BD56-E19814699D61} = {E601E3D9-0E4F-4BA5-BD56-E19814699D61}
		{A3BED7D3-97A1-416E-A88C-507C89E6C0C5} = {A3BED7D3-97A1-416E-A88C-507C89E6C0C5}
		{E559E615-6807-441A-9B80-8DB35FC4E2AA} = {E559E615-6807-441A-9B80-8DB35FC4E2AA}
		{3DF0B844-BE68-4BDA-A21C-9B1BBD868C51} = {3DF0B844-BE68-4BDA-A21C-9B1BBD868C51}
		{5D90A487-E23F-46D1-93F6-D05CE1FEE3BA} = {5D90A487-E23F-46D1-93F6-D05CE1FEE3BA}
		{601006DE-FDC9-4BB6-A595-42A184CF77CC} = {601006DE-FDC9-4BB6-A595-42A184CF77CC}
	EndProjectSection
EndProject
Project("{8BC9CEB8-8B4A-11D0-8D11-00A0C91BC942}") = "AppContinuousConvexCollisionDemo", "Demos\ContinuousConvexCollision\AppContinuousConvexCollisionDemo.vcxproj", "{4E52DEDC-64CF-4FDD-8D50-5961F5E5C953}"
	ProjectSection(ProjectDependencies) = postProject
		{624BF754-C10F-4B04-99C4-7C251DD67A1C} = {624BF754-C10F-4B04-99C4-7C251DD67A1C}
		{E601E3D9-0E4F-4BA5-BD56-E19814699D61} = {E601E3D9-0E4F-4BA5-BD56-E19814699D61}
		{3DF0B844-BE68-4BDA-A21C-9B1BBD868C51} = {3DF0B844-BE68-4BDA-A21C-9B1BBD868C51}
		{5D90A487-E23F-46D1-93F6-D05CE1FEE3BA} = {5D90A487-E23F-46D1-93F6-D05CE1FEE3BA}
		{601006DE-FDC9-4BB6-A595-42A184CF77CC} = {601006DE-FDC9-4BB6-A595-42A184CF77CC}
	EndProjectSection
EndProject
Project("{8BC9CEB8-8B4A-11D0-8D11-00A0C91BC942}") = "AppConvexDecompositionDemo", "Demos\ConvexDecompositionDemo\AppConvexDecompositionDemo.vcxproj", "{C9931EF5-CE14-400E-829F-9AFF73D5C23D}"
	ProjectSection(ProjectDependencies) = postProject
		{624BF754-C10F-4B04-99C4-7C251DD67A1C} = {624BF754-C10F-4B04-99C4-7C251DD67A1C}
		{E601E3D9-0E4F-4BA5-BD56-E19814699D61} = {E601E3D9-0E4F-4BA5-BD56-E19814699D61}
		{A3BED7D3-97A1-416E-A88C-507C89E6C0C5} = {A3BED7D3-97A1-416E-A88C-507C89E6C0C5}
		{E559E615-6807-441A-9B80-8DB35FC4E2AA} = {E559E615-6807-441A-9B80-8DB35FC4E2AA}
		{B0226700-F33D-4C7C-9F58-268BBAC208F1} = {B0226700-F33D-4C7C-9F58-268BBAC208F1}
		{CF66184C-97D9-4B57-B05C-256148FBA39C} = {CF66184C-97D9-4B57-B05C-256148FBA39C}
		{3DF0B844-BE68-4BDA-A21C-9B1BBD868C51} = {3DF0B844-BE68-4BDA-A21C-9B1BBD868C51}
		{5D90A487-E23F-46D1-93F6-D05CE1FEE3BA} = {5D90A487-E23F-46D1-93F6-D05CE1FEE3BA}
		{601006DE-FDC9-4BB6-A595-42A184CF77CC} = {601006DE-FDC9-4BB6-A595-42A184CF77CC}
	EndProjectSection
EndProject
Project("{8BC9CEB8-8B4A-11D0-8D11-00A0C91BC942}") = "AppConvexHullDistanceDemo", "Demos\ConvexHullDistance\AppConvexHullDistanceDemo.vcxproj", "{66241234-4522-49CA-A81F-2389172A1A6B}"
	ProjectSection(ProjectDependencies) = postProject
		{624BF754-C10F-4B04-99C4-7C251DD67A1C} = {624BF754-C10F-4B04-99C4-7C251DD67A1C}
		{E601E3D9-0E4F-4BA5-BD56-E19814699D61} = {E601E3D9-0E4F-4BA5-BD56-E19814699D61}
		{3DF0B844-BE68-4BDA-A21C-9B1BBD868C51} = {3DF0B844-BE68-4BDA-A21C-9B1BBD868C51}
		{5D90A487-E23F-46D1-93F6-D05CE1FEE3BA} = {5D90A487-E23F-46D1-93F6-D05CE1FEE3BA}
		{601006DE-FDC9-4BB6-A595-42A184CF77CC} = {601006DE-FDC9-4BB6-A595-42A184CF77CC}
	EndProjectSection
EndProject
Project("{8BC9CEB8-8B4A-11D0-8D11-00A0C91BC942}") = "AppDoublePrecisionDemo", "Demos\DoublePrecisionDemo\AppDoublePrecisionDemo.vcxproj", "{EE626309-9458-44C2-8DCC-0E394226C46A}"
	ProjectSection(ProjectDependencies) = postProject
		{624BF754-C10F-4B04-99C4-7C251DD67A1C} = {624BF754-C10F-4B04-99C4-7C251DD67A1C}
		{E601E3D9-0E4F-4BA5-BD56-E19814699D61} = {E601E3D9-0E4F-4BA5-BD56-E19814699D61}
		{3DF0B844-BE68-4BDA-A21C-9B1BBD868C51} = {3DF0B844-BE68-4BDA-A21C-9B1BBD868C51}
		{5D90A487-E23F-46D1-93F6-D05CE1FEE3BA} = {5D90A487-E23F-46D1-93F6-D05CE1FEE3BA}
		{601006DE-FDC9-4BB6-A595-42A184CF77CC} = {601006DE-FDC9-4BB6-A595-42A184CF77CC}
	EndProjectSection
EndProject
Project("{8BC9CEB8-8B4A-11D0-8D11-00A0C91BC942}") = "AppForkLiftDemo", "Demos\ForkLiftDemo\AppForkLiftDemo.vcxproj", "{65A0B804-27CB-472E-B667-639BB35B0D21}"
	ProjectSection(ProjectDependencies) = postProject
		{624BF754-C10F-4B04-99C4-7C251DD67A1C} = {624BF754-C10F-4B04-99C4-7C251DD67A1C}
		{E601E3D9-0E4F-4BA5-BD56-E19814699D61} = {E601E3D9-0E4F-4BA5-BD56-E19814699D61}
		{3DF0B844-BE68-4BDA-A21C-9B1BBD868C51} = {3DF0B844-BE68-4BDA-A21C-9B1BBD868C51}
		{5D90A487-E23F-46D1-93F6-D05CE1FEE3BA} = {5D90A487-E23F-46D1-93F6-D05CE1FEE3BA}
		{601006DE-FDC9-4BB6-A595-42A184CF77CC} = {601006DE-FDC9-4BB6-A595-42A184CF77CC}
	EndProjectSection
EndProject
Project("{8BC9CEB8-8B4A-11D0-8D11-00A0C91BC942}") = "AppFractureDemo", "Demos\FractureDemo\AppFractureDemo.vcxproj", "{33D3F53C-3962-4853-BE0C-70D7E4E87C82}"
	ProjectSection(ProjectDependencies) = postProject
		{624BF754-C10F-4B04-99C4-7C251DD67A1C} = {624BF754-C10F-4B04-99C4-7C251DD67A1C}
		{E601E3D9-0E4F-4BA5-BD56-E19814699D61} = {E601E3D9-0E4F-4BA5-BD56-E19814699D61}
		{3DF0B844-BE68-4BDA-A21C-9B1BBD868C51} = {3DF0B844-BE68-4BDA-A21C-9B1BBD868C51}
		{5D90A487-E23F-46D1-93F6-D05CE1FEE3BA} = {5D90A487-E23F-46D1-93F6-D05CE1FEE3BA}
		{601006DE-FDC9-4BB6-A595-42A184CF77CC} = {601006DE-FDC9-4BB6-A595-42A184CF77CC}
	EndProjectSection
EndProject
Project("{8BC9CEB8-8B4A-11D0-8D11-00A0C91BC942}") = "AppGenericJointDemo", "Demos\GenericJointDemo\AppGenericJointDemo.vcxproj", "{5D473AF7-71FF-4B81-9063-A6B868985B96}"
	ProjectSection(ProjectDependencies) = postProject
		{624BF754-C10F-4B04-99C4-7C251DD67A1C} = {624BF754-C10F-4B04-99C4-7C251DD67A1C}
		{E601E3D9-0E4F-4BA5-BD56-E19814699D61} = {E601E3D9-0E4F-4BA5-BD56-E19814699D61}
		{3DF0B844-BE68-4BDA-A21C-9B1BBD868C51} = {3DF0B844-BE68-4BDA-A21C-9B1BBD868C51}
		{5D90A487-E23F-46D1-93F6-D05CE1FEE3BA} = {5D90A487-E23F-46D1-93F6-D05CE1FEE3BA}
		{601006DE-FDC9-4BB6-A595-42A184CF77CC} = {601006DE-FDC9-4BB6-A595-42A184CF77CC}
	EndProjectSection
EndProject
Project("{8BC9CEB8-8B4A-11D0-8D11-00A0C91BC942}") = "AppGyroscopicDemo", "Demos\GyroscopicDemo\AppGyroscopicDemo.vcxproj", "{4F9890AC-C36F-4288-ABD0-8F391DAE45A5}"
	ProjectSection(ProjectDependencies) = postProject
		{624BF754-C10F-4B04-99C4-7C251DD67A1C} = {624BF754-C10F-4B04-99C4-7C251DD67A1C}
		{E601E3D9-0E4F-4BA5-BD56-E19814699D61} = {E601E3D9-0E4F-4BA5-BD56-E19814699D61}
		{A3BED7D3-97A1-416E-A88C-507C89E6C0C5} = {A3BED7D3-97A1-416E-A88C-507C89E6C0C5}
		{E559E615-6807-441A-9B80-8DB35FC4E2AA} = {E559E615-6807-441A-9B80-8DB35FC4E2AA}
		{3DF0B844-BE68-4BDA-A21C-9B1BBD868C51} = {3DF0B844-BE68-4BDA-A21C-9B1BBD868C51}
		{5D90A487-E23F-46D1-93F6-D05CE1FEE3BA} = {5D90A487-E23F-46D1-93F6-D05CE1FEE3BA}
		{601006DE-FDC9-4BB6-A595-42A184CF77CC} = {601006DE-FDC9-4BB6-A595-42A184CF77CC}
	EndProjectSection
EndProject
Project("{8BC9CEB8-8B4A-11D0-8D11-00A0C91BC942}") = "AppHelloWorld", "Demos\HelloWorld\AppHelloWorld.vcxproj", "{C4DFE063-624C-42E0-A610-95A7CCED061C}"
	ProjectSection(ProjectDependencies) = postProject
		{624BF754-C10F-4B04-99C4-7C251DD67A1C} = {624BF754-C10F-4B04-99C4-7C251DD67A1C}
		{E601E3D9-0E4F-4BA5-BD56-E19814699D61} = {E601E3D9-0E4F-4BA5-BD56-E19814699D61}
		{3DF0B844-BE68-4BDA-A21C-9B1BBD868C51} = {3DF0B844-BE68-4BDA-A21C-9B1BBD868C51}
		{601006DE-FDC9-4BB6-A595-42A184CF77CC} = {601006DE-FDC9-4BB6-A595-42A184CF77CC}
	EndProjectSection
EndProject
Project("{8BC9CEB8-8B4A-11D0-8D11-00A0C91BC942}") = "AppInternalEdgeDemo", "Demos\InternalEdgeDemo\AppInternalEdgeDemo.vcxproj", "{3EFE8066-F2B5-4A6F-ABD8-932278A0942F}"
	ProjectSection(ProjectDependencies) = postProject
		{624BF754-C10F-4B04-99C4-7C251DD67A1C} = {624BF754-C10F-4B04-99C4-7C251DD67A1C}
		{E601E3D9-0E4F-4BA5-BD56-E19814699D61} = {E601E3D9-0E4F-4BA5-BD56-E19814699D61}
		{3DF0B844-BE68-4BDA-A21C-9B1BBD868C51} = {3DF0B844-BE68-4BDA-A21C-9B1BBD868C51}
		{5D90A487-E23F-46D1-93F6-D05CE1FEE3BA} = {5D90A487-E23F-46D1-93F6-D05CE1FEE3BA}
		{601006DE-FDC9-4BB6-A595-42A184CF77CC} = {601006DE-FDC9-4BB6-A595-42A184CF77CC}
	EndProjectSection
EndProject
Project("{8BC9CEB8-8B4A-11D0-8D11-00A0C91BC942}") = "AppLinearConvexCastDemo", "Demos\GjkConvexCastDemo\AppLinearConvexCastDemo.vcxproj", "{7878F339-BC22-4471-8753-84F382F6AEAC}"
	ProjectSection(ProjectDependencies) = postProject
		{624BF754-C10F-4B04-99C4-7C251DD67A1C} = {624BF754-C10F-4B04-99C4-7C251DD67A1C}
		{E601E3D9-0E4F-4BA5-BD56-E19814699D61} = {E601E3D9-0E4F-4BA5-BD56-E19814699D61}
		{3DF0B844-BE68-4BDA-A21C-9B1BBD868C51} = {3DF0B844-BE68-4BDA-A21C-9B1BBD868C51}
		{5D90A487-E23F-46D1-93F6-D05CE1FEE3BA} = {5D90A487-E23F-46D1-93F6-D05CE1FEE3BA}
		{601006DE-FDC9-4BB6-A595-42A184CF77CC} = {601006DE-FDC9-4BB6-A595-42A184CF77CC}
	EndProjectSection
EndProject
Project("{8BC9CEB8-8B4A-11D0-8D11-00A0C91BC942}") = "AppMotorDemo", "Demos\DynamicControlDemo\AppMotorDemo.vcxproj", "{53B832AE-F9A7-4EE2-86CE-08F8A753D30F}"
	ProjectSection(ProjectDependencies) = postProject
		{624BF754-C10F-4B04-99C4-7C251DD67A1C} = {624BF754-C10F-4B04-99C4-7C251DD67A1C}
		{E601E3D9-0E4F-4BA5-BD56-E19814699D61} = {E601E3D9-0E4F-4BA5-BD56-E19814699D61}
		{3DF0B844-BE68-4BDA-A21C-9B1BBD868C51} = {3DF0B844-BE68-4BDA-A21C-9B1BBD868C51}
		{5D90A487-E23F-46D1-93F6-D05CE1FEE3BA} = {5D90A487-E23F-46D1-93F6-D05CE1FEE3BA}
		{601006DE-FDC9-4BB6-A595-42A184CF77CC} = {601006DE-FDC9-4BB6-A595-42A184CF77CC}
	EndProjectSection
EndProject
Project("{8BC9CEB8-8B4A-11D0-8D11-00A0C91BC942}") = "AppMovingConcaveDemo", "Demos\MovingConcaveDemo\AppMovingConcaveDemo.vcxproj", "{82190C1B-62FE-4759-8051-EAD9315BF89F}"
	ProjectSection(ProjectDependencies) = postProject
		{624BF754-C10F-4B04-99C4-7C251DD67A1C} = {624BF754-C10F-4B04-99C4-7C251DD67A1C}
		{E601E3D9-0E4F-4BA5-BD56-E19814699D61} = {E601E3D9-0E4F-4BA5-BD56-E19814699D61}
		{3DF0B844-BE68-4BDA-A21C-9B1BBD868C51} = {3DF0B844-BE68-4BDA-A21C-9B1BBD868C51}
		{5D90A487-E23F-46D1-93F6-D05CE1FEE3BA} = {5D90A487-E23F-46D1-93F6-D05CE1FEE3BA}
		{601006DE-FDC9-4BB6-A595-42A184CF77CC} = {601006DE-FDC9-4BB6-A595-42A184CF77CC}
	EndProjectSection
EndProject
Project("{8BC9CEB8-8B4A-11D0-8D11-00A0C91BC942}") = "AppMultiMaterialDemo", "Demos\MultiMaterialDemo\AppMultiMaterialDemo.vcxproj", "{CD25DE26-FA6B-4691-BACD-107F6A8AA1C8}"
	ProjectSection(ProjectDependencies) = postProject
		{624BF754-C10F-4B04-99C4-7C251DD67A1C} = {624BF754-C10F-4B04-99C4-7C251DD67A1C}
		{E601E3D9-0E4F-4BA5-BD56-E19814699D61} = {E601E3D9-0E4F-4BA5-BD56-E19814699D61}
		{3DF0B844-BE68-4BDA-A21C-9B1BBD868C51} = {3DF0B844-BE68-4BDA-A21C-9B1BBD868C51}
		{5D90A487-E23F-46D1-93F6-D05CE1FEE3BA} = {5D90A487-E23F-46D1-93F6-D05CE1FEE3BA}
		{601006DE-FDC9-4BB6-A595-42A184CF77CC} = {601006DE-FDC9-4BB6-A595-42A184CF77CC}
	EndProjectSection
EndProject
Project("{8BC9CEB8-8B4A-11D0-8D11-00A0C91BC942}") = "AppMultiThreadedDemo", "Demos\MultiThreadedDemo\AppMultiThreadedDemo.vcxproj", "{15CF4BE7-6AFC-4695-B36D-FA686D87BE47}"
	ProjectSection(ProjectDependencies) = postProject
		{624BF754-C10F-4B04-99C4-7C251DD67A1C} = {624BF754-C10F-4B04-99C4-7C251DD67A1C}
		{E601E3D9-0E4F-4BA5-BD56-E19814699D61} = {E601E3D9-0E4F-4BA5-BD56-E19814699D61}
		{244BE0A0-2228-4B61-A87D-064B38C78534} = {244BE0A0-2228-4B61-A87D-064B38C78534}
		{3DF0B844-BE68-4BDA-A21C-9B1BBD868C51} = {3DF0B844-BE68-4BDA-A21C-9B1BBD868C51}
		{5D90A487-E23F-46D1-93F6-D05CE1FEE3BA} = {5D90A487-E23F-46D1-93F6-D05CE1FEE3BA}
		{601006DE-FDC9-4BB6-A595-42A184CF77CC} = {601006DE-FDC9-4BB6-A595-42A184CF77CC}
	EndProjectSection
EndProject
Project("{8BC9CEB8-8B4A-11D0-8D11-00A0C91BC942}") = "AppOpenCLClothDemo_Mini", "Demos\OpenCLClothDemo\MiniCL\AppOpenCLClothDemo_Mini.vcxproj", "{7F90D533-2D43-4998-9B81-34D094F2AC46}"
	ProjectSection(ProjectDependencies) = postProject
		{624BF754-C10F-4B04-99C4-7C251DD67A1C} = {624BF754-C10F-4B04-99C4-7C251DD67A1C}
		{E601E3D9-0E4F-4BA5-BD56-E19814699D61} = {E601E3D9-0E4F-4BA5-BD56-E19814699D61}
		{244BE0A0-2228-4B61-A87D-064B38C78534} = {244BE0A0-2228-4B61-A87D-064B38C78534}
		{55AE1F4D-E594-4774-A9E6-F359C35937A5} = {55AE1F4D-E594-4774-A9E6-F359C35937A5}
		{A14C5B0F-7A5F-4D2A-8983-212387AB45A7} = {A14C5B0F-7A5F-4D2A-8983-212387AB45A7}
		{3DF0B844-BE68-4BDA-A21C-9B1BBD868C51} = {3DF0B844-BE68-4BDA-A21C-9B1BBD868C51}
		{4527CF83-2F1C-4764-AFD9-3BCFC0ADAD73} = {4527CF83-2F1C-4764-AFD9-3BCFC0ADAD73}
		{5D90A487-E23F-46D1-93F6-D05CE1FEE3BA} = {5D90A487-E23F-46D1-93F6-D05CE1FEE3BA}
		{601006DE-FDC9-4BB6-A595-42A184CF77CC} = {601006DE-FDC9-4BB6-A595-42A184CF77CC}
	EndProjectSection
EndProject
Project("{8BC9CEB8-8B4A-11D0-8D11-00A0C91BC942}") = "AppParticlesOCL_Mini", "Demos\ParticlesOpenCL\MiniCL\AppParticlesOCL_Mini.vcxproj", "{9481CBFF-812F-4182-B2D3-4AE047A9445E}"
	ProjectSection(ProjectDependencies) = postProject
		{624BF754-C10F-4B04-99C4-7C251DD67A1C} = {624BF754-C10F-4B04-99C4-7C251DD67A1C}
		{E601E3D9-0E4F-4BA5-BD56-E19814699D61} = {E601E3D9-0E4F-4BA5-BD56-E19814699D61}
		{244BE0A0-2228-4B61-A87D-064B38C78534} = {244BE0A0-2228-4B61-A87D-064B38C78534}
		{3DF0B844-BE68-4BDA-A21C-9B1BBD868C51} = {3DF0B844-BE68-4BDA-A21C-9B1BBD868C51}
		{4527CF83-2F1C-4764-AFD9-3BCFC0ADAD73} = {4527CF83-2F1C-4764-AFD9-3BCFC0ADAD73}
		{5D90A487-E23F-46D1-93F6-D05CE1FEE3BA} = {5D90A487-E23F-46D1-93F6-D05CE1FEE3BA}
		{601006DE-FDC9-4BB6-A595-42A184CF77CC} = {601006DE-FDC9-4BB6-A595-42A184CF77CC}
	EndProjectSection
EndProject
Project("{8BC9CEB8-8B4A-11D0-8D11-00A0C91BC942}") = "AppRagdollDemo", "Demos\RagdollDemo\AppRagdollDemo.vcxproj", "{D6C86D60-3065-4250-AA52-E2F87785F334}"
	ProjectSection(ProjectDependencies) = postProject
		{624BF754-C10F-4B04-99C4-7C251DD67A1C} = {624BF754-C10F-4B04-99C4-7C251DD67A1C}
		{E601E3D9-0E4F-4BA5-BD56-E19814699D61} = {E601E3D9-0E4F-4BA5-BD56-E19814699D61}
		{3DF0B844-BE68-4BDA-A21C-9B1BBD868C51} = {3DF0B844-BE68-4BDA-A21C-9B1BBD868C51}
		{5D90A487-E23F-46D1-93F6-D05CE1FEE3BA} = {5D90A487-E23F-46D1-93F6-D05CE1FEE3BA}
		{601006DE-FDC9-4BB6-A595-42A184CF77CC} = {601006DE-FDC9-4BB6-A595-42A184CF77CC}
	EndProjectSection
EndProject
Project("{8BC9CEB8-8B4A-11D0-8D11-00A0C91BC942}") = "AppRaytestDemo", "Demos\RaytestDemo\AppRaytestDemo.vcxproj", "{2F391AC3-AB53-4145-B0DB-F5734CD76DDA}"
	ProjectSection(ProjectDependencies) = postProject
		{624BF754-C10F-4B04-99C4-7C251DD67A1C} = {624BF754-C10F-4B04-99C4-7C251DD67A1C}
		{E601E3D9-0E4F-4BA5-BD56-E19814699D61} = {E601E3D9-0E4F-4BA5-BD56-E19814699D61}
		{3DF0B844-BE68-4BDA-A21C-9B1BBD868C51} = {3DF0B844-BE68-4BDA-A21C-9B1BBD868C51}
		{5D90A487-E23F-46D1-93F6-D05CE1FEE3BA} = {5D90A487-E23F-46D1-93F6-D05CE1FEE3BA}
		{601006DE-FDC9-4BB6-A595-42A184CF77CC} = {601006DE-FDC9-4BB6-A595-42A184CF77CC}
	EndProjectSection
EndProject
Project("{8BC9CEB8-8B4A-11D0-8D11-00A0C91BC942}") = "AppRaytracer", "Demos\Raytracer\AppRaytracer.vcxproj", "{51E085E8-DD92-41E6-BE24-4248115679C6}"
	ProjectSection(ProjectDependencies) = postProject
		{624BF754-C10F-4B04-99C4-7C251DD67A1C} = {624BF754-C10F-4B04-99C4-7C251DD67A1C}
		{E601E3D9-0E4F-4BA5-BD56-E19814699D61} = {E601E3D9-0E4F-4BA5-BD56-E19814699D61}
		{3DF0B844-BE68-4BDA-A21C-9B1BBD868C51} = {3DF0B844-BE68-4BDA-A21C-9B1BBD868C51}
		{5D90A487-E23F-46D1-93F6-D05CE1FEE3BA} = {5D90A487-E23F-46D1-93F6-D05CE1FEE3BA}
		{601006DE-FDC9-4BB6-A595-42A184CF77CC} = {601006DE-FDC9-4BB6-A595-42A184CF77CC}
	EndProjectSection
EndProject
Project("{8BC9CEB8-8B4A-11D0-8D11-00A0C91BC942}") = "AppRollingFrictionDemo", "Demos\RollingFrictionDemo\AppRollingFrictionDemo.vcxproj", "{BE3CAD70-8F65-4B0C-A45C-6CD217C63C8A}"
	ProjectSection(ProjectDependencies) = postProject
		{624BF754-C10F-4B04-99C4-7C251DD67A1C} = {624BF754-C10F-4B04-99C4-7C251DD67A1C}
		{E601E3D9-0E4F-4BA5-BD56-E19814699D61} = {E601E3D9-0E4F-4BA5-BD56-E19814699D61}
		{3DF0B844-BE68-4BDA-A21C-9B1BBD868C51} = {3DF0B844-BE68-4BDA-A21C-9B1BBD868C51}
		{5D90A487-E23F-46D1-93F6-D05CE1FEE3BA} = {5D90A487-E23F-46D1-93F6-D05CE1FEE3BA}
		{601006DE-FDC9-4BB6-A595-42A184CF77CC} = {601006DE-FDC9-4BB6-A595-42A184CF77CC}
	EndProjectSection
EndProject
Project("{8BC9CEB8-8B4A-11D0-8D11-00A0C91BC942}") = "AppSerializeDemo", "Demos\SerializeDemo\AppSerializeDemo.vcxproj", "{EB48414C-7471-47FF-8D16-C2DC9135C125}"
	ProjectSection(ProjectDependencies) = postProject
		{624BF754-C10F-4B04-99C4-7C251DD67A1C} = {624BF754-C10F-4B04-99C4-7C251DD67A1C}
		{E601E3D9-0E4F-4BA5-BD56-E19814699D61} = {E601E3D9-0E4F-4BA5-BD56-E19814699D61}
		{A3BED7D3-97A1-416E-A88C-507C89E6C0C5} = {A3BED7D3-97A1-416E-A88C-507C89E6C0C5}
		{55AE1F4D-E594-4774-A9E6-F359C35937A5} = {55AE1F4D-E594-4774-A9E6-F359C35937A5}
		{E559E615-6807-441A-9B80-8DB35FC4E2AA} = {E559E615-6807-441A-9B80-8DB35FC4E2AA}
		{3DF0B844-BE68-4BDA-A21C-9B1BBD868C51} = {3DF0B844-BE68-4BDA-A21C-9B1BBD868C51}
		{5D90A487-E23F-46D1-93F6-D05CE1FEE3BA} = {5D90A487-E23F-46D1-93F6-D05CE1FEE3BA}
		{601006DE-FDC9-4BB6-A595-42A184CF77CC} = {601006DE-FDC9-4BB6-A595-42A184CF77CC}
	EndProjectSection
EndProject
Project("{8BC9CEB8-8B4A-11D0-8D11-00A0C91BC942}") = "AppSimplexDemo", "Demos\SimplexDemo\AppSimplexDemo.vcxproj", "{C959E868-68F7-4376-B241-32F8DA1F4B58}"
	ProjectSection(ProjectDependencies) = postProject
		{624BF754-C10F-4B04-99C4-7C251DD67A1C} = {624BF754-C10F-4B04-99C4-7C251DD67A1C}
		{E601E3D9-0E4F-4BA5-BD56-E19814699D61} = {E601E3D9-0E4F-4BA5-BD56-E19814699D61}
		{3DF0B844-BE68-4BDA-A21C-9B1BBD868C51} = {3DF0B844-BE68-4BDA-A21C-9B1BBD868C51}
		{5D90A487-E23F-46D1-93F6-D05CE1FEE3BA} = {5D90A487-E23F-46D1-93F6-D05CE1FEE3BA}
		{601006DE-FDC9-4BB6-A595-42A184CF77CC} = {601006DE-FDC9-4BB6-A595-42A184CF77CC}
	EndProjectSection
EndProject
Project("{8BC9CEB8-8B4A-11D0-8D11-00A0C91BC942}") = "AppSliderConstraintDemo", "Demos\SliderConstraintDemo\AppSliderConstraintDemo.vcxproj", "{B9F970B7-38A2-4CFC-A99C-515DC5B4F8E0}"
	ProjectSection(ProjectDependencies) = postProject
		{624BF754-C10F-4B04-99C4-7C251DD67A1C} = {624BF754-C10F-4B04-99C4-7C251DD67A1C}
		{E601E3D9-0E4F-4BA5-BD56-E19814699D61} = {E601E3D9-0E4F-4BA5-BD56-E19814699D61}
		{3DF0B844-BE68-4BDA-A21C-9B1BBD868C51} = {3DF0B844-BE68-4BDA-A21C-9B1BBD868C51}
		{5D90A487-E23F-46D1-93F6-D05CE1FEE3BA} = {5D90A487-E23F-46D1-93F6-D05CE1FEE3BA}
		{601006DE-FDC9-4BB6-A595-42A184CF77CC} = {601006DE-FDC9-4BB6-A595-42A184CF77CC}
	EndProjectSection
EndProject
Project("{8BC9CEB8-8B4A-11D0-8D11-00A0C91BC942}") = "AppSoftBodyDemo", "Demos\SoftDemo\AppSoftBodyDemo.vcxproj", "{1F573067-5056-43B0-86BF-C1E091745F5D}"
	ProjectSection(ProjectDependencies) = postProject
		{624BF754-C10F-4B04-99C4-7C251DD67A1C} = {624BF754-C10F-4B04-99C4-7C251DD67A1C}
		{E601E3D9-0E4F-4BA5-BD56-E19814699D61} = {E601E3D9-0E4F-4BA5-BD56-E19814699D61}
		{55AE1F4D-E594-4774-A9E6-F359C35937A5} = {55AE1F4D-E594-4774-A9E6-F359C35937A5}
		{3DF0B844-BE68-4BDA-A21C-9B1BBD868C51} = {3DF0B844-BE68-4BDA-A21C-9B1BBD868C51}
		{5D90A487-E23F-46D1-93F6-D05CE1FEE3BA} = {5D90A487-E23F-46D1-93F6-D05CE1FEE3BA}
		{601006DE-FDC9-4BB6-A595-42A184CF77CC} = {601006DE-FDC9-4BB6-A595-42A184CF77CC}
	EndProjectSection
EndProject
Project("{8BC9CEB8-8B4A-11D0-8D11-00A0C91BC942}") = "AppThreadingDemo", "Demos\ThreadingDemo\AppThreadingDemo.vcxproj", "{2B5222F2-6C0A-44AB-80EB-5E0721AEE560}"
	ProjectSection(ProjectDependencies) = postProject
		{624BF754-C10F-4B04-99C4-7C251DD67A1C} = {624BF754-C10F-4B04-99C4-7C251DD67A1C}
		{E601E3D9-0E4F-4BA5-BD56-E19814699D61} = {E601E3D9-0E4F-4BA5-BD56-E19814699D61}
		{244BE0A0-2228-4B61-A87D-064B38C78534} = {244BE0A0-2228-4B61-A87D-064B38C78534}
		{3DF0B844-BE68-4BDA-A21C-9B1BBD868C51} = {3DF0B844-BE68-4BDA-A21C-9B1BBD868C51}
		{601006DE-FDC9-4BB6-A595-42A184CF77CC} = {601006DE-FDC9-4BB6-A595-42A184CF77CC}
	EndProjectSection
EndProject
Project("{8BC9CEB8-8B4A-11D0-8D11-00A0C91BC942}") = "AppUserCollisionAlgorithm", "Demos\UserCollisionAlgorithm\AppUserCollisionAlgorithm.vcxproj", "{3818D880-F651-4019-824A-A59098402716}"
	ProjectSection(ProjectDependencies) = postProject
		{624BF754-C10F-4B04-99C4-7C251DD67A1C} = {624BF754-C10F-4B04-99C4-7C251DD67A1C}
		{E601E3D9-0E4F-4BA5-BD56-E19814699D61} = {E601E3D9-0E4F-4BA5-BD56-E19814699D61}
		{3DF0B844-BE68-4BDA-A21C-9B1BBD868C51} = {3DF0B844-BE68-4BDA-A21C-9B1BBD868C51}
		{5D90A487-E23F-46D1-93F6-D05CE1FEE3BA} = {5D90A487-E23F-46D1-93F6-D05CE1FEE3BA}
		{601006DE-FDC9-4BB6-A595-42A184CF77CC} = {601006DE-FDC9-4BB6-A595-42A184CF77CC}
	EndProjectSection
EndProject
Project("{8BC9CEB8-8B4A-11D0-8D11-00A0C91BC942}") = "AppVectorAdd_Mini", "Demos\VectorAdd_OpenCL\MiniCL\AppVectorAdd_Mini.vcxproj", "{CFD1DFCD-9378-47D1-AD9E-5F9A34D32845}"
	ProjectSection(ProjectDependencies) = postProject
		{244BE0A0-2228-4B61-A87D-064B38C78534} = {244BE0A0-2228-4B61-A87D-064B38C78534}
		{3DF0B844-BE68-4BDA-A21C-9B1BBD868C51} = {3DF0B844-BE68-4BDA-A21C-9B1BBD868C51}
		{4527CF83-2F1C-4764-AFD9-3BCFC0ADAD73} = {4527CF83-2F1C-4764-AFD9-3BCFC0ADAD73}
		{601006DE-FDC9-4BB6-A595-42A184CF77CC} = {601006DE-FDC9-4BB6-A595-42A184CF77CC}
	EndProjectSection
EndProject
Project("{8BC9CEB8-8B4A-11D0-8D11-00A0C91BC942}") = "AppVehicleDemo", "Demos\VehicleDemo\AppVehicleDemo.vcxproj", "{40855126-2D5B-4757-9A82-5DDED678699A}"
	ProjectSection(ProjectDependencies) = postProject
		{624BF754-C10F-4B04-99C4-7C251DD67A1C} = {624BF754-C10F-4B04-99C4-7C251DD67A1C}
		{E601E3D9-0E4F-4BA5-BD56-E19814699D61} = {E601E3D9-0E4F-4BA5-BD56-E19814699D61}
		{3DF0B844-BE68-4BDA-A21C-9B1BBD868C51} = {3DF0B844-BE68-4BDA-A21C-9B1BBD868C51}
		{5D90A487-E23F-46D1-93F6-D05CE1FEE3BA} = {5D90A487-E23F-46D1-93F6-D05CE1FEE3BA}
		{601006DE-FDC9-4BB6-A595-42A184CF77CC} = {601006DE-FDC9-4BB6-A595-42A184CF77CC}
	EndProjectSection
EndProject
Project("{8BC9CEB8-8B4A-11D0-8D11-00A0C91BC942}") = "AppVoronoiFractureDemo", "Demos\VoronoiFractureDemo\AppVoronoiFractureDemo.vcxproj", "{857A4D57-384A-4509-B800-25564DA32B65}"
	ProjectSection(ProjectDependencies) = postProject
		{624BF754-C10F-4B04-99C4-7C251DD67A1C} = {624BF754-C10F-4B04-99C4-7C251DD67A1C}
		{E601E3D9-0E4F-4BA5-BD56-E19814699D61} = {E601E3D9-0E4F-4BA5-BD56-E19814699D61}
		{3DF0B844-BE68-4BDA-A21C-9B1BBD868C51} = {3DF0B844-BE68-4BDA-A21C-9B1BBD868C51}
		{5D90A487-E23F-46D1-93F6-D05CE1FEE3BA} = {5D90A487-E23F-46D1-93F6-D05CE1FEE3BA}
		{601006DE-FDC9-4BB6-A595-42A184CF77CC} = {601006DE-FDC9-4BB6-A595-42A184CF77CC}
	EndProjectSection
EndProject
Project("{8BC9CEB8-8B4A-11D0-8D11-00A0C91BC942}") = "BulletCollision", "src\BulletCollision\BulletCollision.vcxproj", "{624BF754-C10F-4B04-99C4-7C251DD67A1C}"
	ProjectSection(ProjectDependencies) = postProject
		{601006DE-FDC9-4BB6-A595-42A184CF77CC} = {601006DE-FDC9-4BB6-A595-42A184CF77CC}
	EndProjectSection
EndProject
Project("{8BC9CEB8-8B4A-11D0-8D11-00A0C91BC942}") = "BulletDynamics", "src\BulletDynamics\BulletDynamics.vcxproj", "{E601E3D9-0E4F-4BA5-BD56-E19814699D61}"
	ProjectSection(ProjectDependencies) = postProject
		{601006DE-FDC9-4BB6-A595-42A184CF77CC} = {601006DE-FDC9-4BB6-A595-42A184CF77CC}
	EndProjectSection
EndProject
Project("{8BC9CEB8-8B4A-11D0-8D11-00A0C91BC942}") = "BulletFileLoader", "Extras\Serialize\BulletFileLoader\BulletFileLoader.vcxproj", "{A3BED7D3-97A1-416E-A88C-507C89E6C0C5}"
	ProjectSection(ProjectDependencies) = postProject
		{601006DE-FDC9-4BB6-A595-42A184CF77CC} = {601006DE-FDC9-4BB6-A595-42A184CF77CC}
	EndProjectSection
EndProject
Project("{8BC9CEB8-8B4A-11D0-8D11-00A0C91BC942}") = "BulletMultiThreaded", "src\BulletMultiThreaded\BulletMultiThreaded.vcxproj", "{244BE0A0-2228-4B61-A87D-064B38C78534}"
	ProjectSection(ProjectDependencies) = postProject
		{601006DE-FDC9-4BB6-A595-42A184CF77CC} = {601006DE-FDC9-4BB6-A595-42A184CF77CC}
	EndProjectSection
EndProject
Project("{8BC9CEB8-8B4A-11D0-8D11-00A0C91BC942}") = "BulletSoftBody", "src\BulletSoftBody\BulletSoftBody.vcxproj", "{55AE1F4D-E594-4774-A9E6-F359C35937A5}"
	ProjectSection(ProjectDependencies) = postProject
		{601006DE-FDC9-4BB6-A595-42A184CF77CC} = {601006DE-FDC9-4BB6-A595-42A184CF77CC}
	EndProjectSection
EndProject
Project("{8BC9CEB8-8B4A-11D0-8D11-00A0C91BC942}") = "BulletSoftBodySolvers_OpenCL_Mini", "src\BulletMultiThreaded\GpuSoftBodySolvers\OpenCL\MiniCL\BulletSoftBodySolvers_OpenCL_Mini.vcxproj", "{A14C5B0F-7A5F-4D2A-8983-212387AB45A7}"
	ProjectSection(ProjectDependencies) = postProject
		{601006DE-FDC9-4BB6-A595-42A184CF77CC} = {601006DE-FDC9-4BB6-A595-42A184CF77CC}
	EndProjectSection
EndProject
Project("{8BC9CEB8-8B4A-11D0-8D11-00A0C91BC942}") = "BulletWorldImporter", "Extras\Serialize\BulletWorldImporter\BulletWorldImporter.vcxproj", "{E559E615-6807-441A-9B80-8DB35FC4E2AA}"
	ProjectSection(ProjectDependencies) = postProject
		{601006DE-FDC9-4BB6-A595-42A184CF77CC} = {601006DE-FDC9-4BB6-A595-42A184CF77CC}
	EndProjectSection
EndProject
Project("{8BC9CEB8-8B4A-11D0-8D11-00A0C91BC942}") = "BulletXmlWorldImporter", "Extras\Serialize\BulletXmlWorldImporter\BulletXmlWorldImporter.vcxproj", "{46B235D0-776A-47C3-934D-9152A68C3D06}"
	ProjectSection(ProjectDependencies) = postProject
		{601006DE-FDC9-4BB6-A595-42A184CF77CC} = {601006DE-FDC9-4BB6-A595-42A184CF77CC}
	EndProjectSection
EndProject
Project("{8BC9CEB8-8B4A-11D0-8D11-00A0C91BC942}") = "ConvexDecomposition", "Extras\ConvexDecomposition\ConvexDecomposition.vcxproj", "{B0226700-F33D-4C7C-9F58-268BBAC208F1}"
	ProjectSection(ProjectDependencies) = postProject
		{601006DE-FDC9-4BB6-A595-42A184CF77CC} = {601006DE-FDC9-4BB6-A595-42A184CF77CC}
	EndProjectSection
EndProject
Project("{8BC9CEB8-8B4A-11D0-8D11-00A0C91BC942}") = "GIMPACTUtils", "Extras\GIMPACTUtils\GIMPACTUtils.vcxproj", "{337F9294-F385-447A-81BB-A7FDE517FD3D}"
	ProjectSection(ProjectDependencies) = postProject
		{601006DE-FDC9-4BB6-A595-42A184CF77CC} = {601006DE-FDC9-4BB6-A595-42A184CF77CC}
	EndProjectSection
EndProject
Project("{8BC9CEB8-8B4A-11D0-8D11-00A0C91BC942}") = "GLUI", "Extras\glui\GLUI.vcxproj", "{0026769B-3293-4EF9-A9C7-132D582D9A7D}"
	ProjectSection(ProjectDependencies) = postProject
		{601006DE-FDC9-4BB6-A595-42A184CF77CC} = {601006DE-FDC9-4BB6-A595-42A184CF77CC}
	EndProjectSection
EndProject
Project("{8BC9CEB8-8B4A-11D0-8D11-00A0C91BC942}") = "HACD", "Extras\HACD\HACD.vcxproj", "{CF66184C-97D9-4B57-B05C-256148FBA39C}"
	ProjectSection(ProjectDependencies) = postProject
		{601006DE-FDC9-4BB6-A595-42A184CF77CC} = {601006DE-FDC9-4BB6-A595-42A184CF77CC}
	EndProjectSection
EndProject
Project("{8BC9CEB8-8B4A-11D0-8D11-00A0C91BC942}") = "LinearMath", "src\LinearMath\LinearMath.vcxproj", "{3DF0B844-BE68-4BDA-A21C-9B1BBD868C51}"
	ProjectSection(ProjectDependencies) = postProject
		{601006DE-FDC9-4BB6-A595-42A184CF77CC} = {601006DE-FDC9-4BB6-A595-42A184CF77CC}
	EndProjectSection
EndProject
Project("{8BC9CEB8-8B4A-11D0-8D11-00A0C91BC942}") = "MiniCL", "src\MiniCL\MiniCL.vcxproj", "{4527CF83-2F1C-4764-AFD9-3BCFC0ADAD73}"
	ProjectSection(ProjectDependencies) = postProject
		{601006DE-FDC9-4BB6-A595-42A184CF77CC} = {601006DE-FDC9-4BB6-A595-42A184CF77CC}
	EndProjectSection
EndProject
Project("{8BC9CEB8-8B4A-11D0-8D11-00A0C91BC942}") = "OpenGLSupport", "Demos\OpenGL\OpenGLSupport.vcxproj", "{5D90A487-E23F-46D1-93F6-D05CE1FEE3BA}"
	ProjectSection(ProjectDependencies) = postProject
		{601006DE-FDC9-4BB6-A595-42A184CF77CC} = {601006DE-FDC9-4BB6-A595-42A184CF77CC}
	EndProjectSection
EndProject
Project("{8BC9CEB8-8B4A-11D0-8D11-00A0C91BC942}") = "ZERO_CHECK", "ZERO_CHECK.vcxproj", "{601006DE-FDC9-4BB6-A595-42A184CF77CC}"
	ProjectSection(ProjectDependencies) = postProject
	EndProjectSection
EndProject
Global
	GlobalSection(SolutionConfigurationPlatforms) = preSolution
		Debug|Win32 = Debug|Win32
		Release|Win32 = Release|Win32
		MinSizeRel|Win32 = MinSizeRel|Win32
		RelWithDebInfo|Win32 = RelWithDebInfo|Win32
	EndGlobalSection
	GlobalSection(ProjectConfigurationPlatforms) = postSolution
		{4F287475-5B28-41F0-928A-FE0ECD6C7C2F}.Debug|Win32.ActiveCfg = Debug|Win32
		{4F287475-5B28-41F0-928A-FE0ECD6C7C2F}.Release|Win32.ActiveCfg = Release|Win32
		{4F287475-5B28-41F0-928A-FE0ECD6C7C2F}.MinSizeRel|Win32.ActiveCfg = MinSizeRel|Win32
		{4F287475-5B28-41F0-928A-FE0ECD6C7C2F}.RelWithDebInfo|Win32.ActiveCfg = RelWithDebInfo|Win32
		{922D55D3-1230-4453-A72D-D6856A346F71}.Debug|Win32.ActiveCfg = Debug|Win32
		{922D55D3-1230-4453-A72D-D6856A346F71}.Debug|Win32.Build.0 = Debug|Win32
		{922D55D3-1230-4453-A72D-D6856A346F71}.Release|Win32.ActiveCfg = Release|Win32
		{922D55D3-1230-4453-A72D-D6856A346F71}.Release|Win32.Build.0 = Release|Win32
		{922D55D3-1230-4453-A72D-D6856A346F71}.MinSizeRel|Win32.ActiveCfg = MinSizeRel|Win32
		{922D55D3-1230-4453-A72D-D6856A346F71}.MinSizeRel|Win32.Build.0 = MinSizeRel|Win32
		{922D55D3-1230-4453-A72D-D6856A346F71}.RelWithDebInfo|Win32.ActiveCfg = RelWithDebInfo|Win32
		{922D55D3-1230-4453-A72D-D6856A346F71}.RelWithDebInfo|Win32.Build.0 = RelWithDebInfo|Win32
		{2769655F-E4CD-41A3-82F0-E23E49E847CA}.Debug|Win32.ActiveCfg = Debug|Win32
		{2769655F-E4CD-41A3-82F0-E23E49E847CA}.Debug|Win32.Build.0 = Debug|Win32
		{2769655F-E4CD-41A3-82F0-E23E49E847CA}.Release|Win32.ActiveCfg = Release|Win32
		{2769655F-E4CD-41A3-82F0-E23E49E847CA}.Release|Win32.Build.0 = Release|Win32
		{2769655F-E4CD-41A3-82F0-E23E49E847CA}.MinSizeRel|Win32.ActiveCfg = MinSizeRel|Win32
		{2769655F-E4CD-41A3-82F0-E23E49E847CA}.MinSizeRel|Win32.Build.0 = MinSizeRel|Win32
		{2769655F-E4CD-41A3-82F0-E23E49E847CA}.RelWithDebInfo|Win32.ActiveCfg = RelWithDebInfo|Win32
		{2769655F-E4CD-41A3-82F0-E23E49E847CA}.RelWithDebInfo|Win32.Build.0 = RelWithDebInfo|Win32
		{7F3FFFD1-481F-46C7-90C5-C76FABAA4F9F}.Debug|Win32.ActiveCfg = Debug|Win32
		{7F3FFFD1-481F-46C7-90C5-C76FABAA4F9F}.Debug|Win32.Build.0 = Debug|Win32
		{7F3FFFD1-481F-46C7-90C5-C76FABAA4F9F}.Release|Win32.ActiveCfg = Release|Win32
		{7F3FFFD1-481F-46C7-90C5-C76FABAA4F9F}.Release|Win32.Build.0 = Release|Win32
		{7F3FFFD1-481F-46C7-90C5-C76FABAA4F9F}.MinSizeRel|Win32.ActiveCfg = MinSizeRel|Win32
		{7F3FFFD1-481F-46C7-90C5-C76FABAA4F9F}.MinSizeRel|Win32.Build.0 = MinSizeRel|Win32
		{7F3FFFD1-481F-46C7-90C5-C76FABAA4F9F}.RelWithDebInfo|Win32.ActiveCfg = RelWithDebInfo|Win32
		{7F3FFFD1-481F-46C7-90C5-C76FABAA4F9F}.RelWithDebInfo|Win32.Build.0 = RelWithDebInfo|Win32
		{5AACF054-0492-441D-B6D2-D6B364F41ABE}.Debug|Win32.ActiveCfg = Debug|Win32
		{5AACF054-0492-441D-B6D2-D6B364F41ABE}.Debug|Win32.Build.0 = Debug|Win32
		{5AACF054-0492-441D-B6D2-D6B364F41ABE}.Release|Win32.ActiveCfg = Release|Win32
		{5AACF054-0492-441D-B6D2-D6B364F41ABE}.Release|Win32.Build.0 = Release|Win32
		{5AACF054-0492-441D-B6D2-D6B364F41ABE}.MinSizeRel|Win32.ActiveCfg = MinSizeRel|Win32
		{5AACF054-0492-441D-B6D2-D6B364F41ABE}.MinSizeRel|Win32.Build.0 = MinSizeRel|Win32
		{5AACF054-0492-441D-B6D2-D6B364F41ABE}.RelWithDebInfo|Win32.ActiveCfg = RelWithDebInfo|Win32
		{5AACF054-0492-441D-B6D2-D6B364F41ABE}.RelWithDebInfo|Win32.Build.0 = RelWithDebInfo|Win32
		{639525A1-6925-49E8-8E29-5B784661B198}.Debug|Win32.ActiveCfg = Debug|Win32
		{639525A1-6925-49E8-8E29-5B784661B198}.Debug|Win32.Build.0 = Debug|Win32
		{639525A1-6925-49E8-8E29-5B784661B198}.Release|Win32.ActiveCfg = Release|Win32
		{639525A1-6925-49E8-8E29-5B784661B198}.Release|Win32.Build.0 = Release|Win32
		{639525A1-6925-49E8-8E29-5B784661B198}.MinSizeRel|Win32.ActiveCfg = MinSizeRel|Win32
		{639525A1-6925-49E8-8E29-5B784661B198}.MinSizeRel|Win32.Build.0 = MinSizeRel|Win32
		{639525A1-6925-49E8-8E29-5B784661B198}.RelWithDebInfo|Win32.ActiveCfg = RelWithDebInfo|Win32
		{639525A1-6925-49E8-8E29-5B784661B198}.RelWithDebInfo|Win32.Build.0 = RelWithDebInfo|Win32
		{469F7DED-6CFF-4971-BF9E-50D45A752675}.Debug|Win32.ActiveCfg = Debug|Win32
		{469F7DED-6CFF-4971-BF9E-50D45A752675}.Debug|Win32.Build.0 = Debug|Win32
		{469F7DED-6CFF-4971-BF9E-50D45A752675}.Release|Win32.ActiveCfg = Release|Win32
		{469F7DED-6CFF-4971-BF9E-50D45A752675}.Release|Win32.Build.0 = Release|Win32
		{469F7DED-6CFF-4971-BF9E-50D45A752675}.MinSizeRel|Win32.ActiveCfg = MinSizeRel|Win32
		{469F7DED-6CFF-4971-BF9E-50D45A752675}.MinSizeRel|Win32.Build.0 = MinSizeRel|Win32
		{469F7DED-6CFF-4971-BF9E-50D45A752675}.RelWithDebInfo|Win32.ActiveCfg = RelWithDebInfo|Win32
		{469F7DED-6CFF-4971-BF9E-50D45A752675}.RelWithDebInfo|Win32.Build.0 = RelWithDebInfo|Win32
		{68049078-911D-4EF3-97E6-D7F0763E8D10}.Debug|Win32.ActiveCfg = Debug|Win32
		{68049078-911D-4EF3-97E6-D7F0763E8D10}.Debug|Win32.Build.0 = Debug|Win32
		{68049078-911D-4EF3-97E6-D7F0763E8D10}.Release|Win32.ActiveCfg = Release|Win32
		{68049078-911D-4EF3-97E6-D7F0763E8D10}.Release|Win32.Build.0 = Release|Win32
		{68049078-911D-4EF3-97E6-D7F0763E8D10}.MinSizeRel|Win32.ActiveCfg = MinSizeRel|Win32
		{68049078-911D-4EF3-97E6-D7F0763E8D10}.MinSizeRel|Win32.Build.0 = MinSizeRel|Win32
		{68049078-911D-4EF3-97E6-D7F0763E8D10}.RelWithDebInfo|Win32.ActiveCfg = RelWithDebInfo|Win32
		{68049078-911D-4EF3-97E6-D7F0763E8D10}.RelWithDebInfo|Win32.Build.0 = RelWithDebInfo|Win32
		{9E20D405-476B-4DA3-8436-63713CEDDFCB}.Debug|Win32.ActiveCfg = Debug|Win32
		{9E20D405-476B-4DA3-8436-63713CEDDFCB}.Debug|Win32.Build.0 = Debug|Win32
		{9E20D405-476B-4DA3-8436-63713CEDDFCB}.Release|Win32.ActiveCfg = Release|Win32
		{9E20D405-476B-4DA3-8436-63713CEDDFCB}.Release|Win32.Build.0 = Release|Win32
		{9E20D405-476B-4DA3-8436-63713CEDDFCB}.MinSizeRel|Win32.ActiveCfg = MinSizeRel|Win32
		{9E20D405-476B-4DA3-8436-63713CEDDFCB}.MinSizeRel|Win32.Build.0 = MinSizeRel|Win32
		{9E20D405-476B-4DA3-8436-63713CEDDFCB}.RelWithDebInfo|Win32.ActiveCfg = RelWithDebInfo|Win32
		{9E20D405-476B-4DA3-8436-63713CEDDFCB}.RelWithDebInfo|Win32.Build.0 = RelWithDebInfo|Win32
		{CF2C5567-0087-485B-82F8-100874C733C2}.Debug|Win32.ActiveCfg = Debug|Win32
		{CF2C5567-0087-485B-82F8-100874C733C2}.Debug|Win32.Build.0 = Debug|Win32
		{CF2C5567-0087-485B-82F8-100874C733C2}.Release|Win32.ActiveCfg = Release|Win32
		{CF2C5567-0087-485B-82F8-100874C733C2}.Release|Win32.Build.0 = Release|Win32
		{CF2C5567-0087-485B-82F8-100874C733C2}.MinSizeRel|Win32.ActiveCfg = MinSizeRel|Win32
		{CF2C5567-0087-485B-82F8-100874C733C2}.MinSizeRel|Win32.Build.0 = MinSizeRel|Win32
		{CF2C5567-0087-485B-82F8-100874C733C2}.RelWithDebInfo|Win32.ActiveCfg = RelWithDebInfo|Win32
		{CF2C5567-0087-485B-82F8-100874C733C2}.RelWithDebInfo|Win32.Build.0 = RelWithDebInfo|Win32
		{285A54A9-C347-4854-8B2C-781D863548D7}.Debug|Win32.ActiveCfg = Debug|Win32
		{285A54A9-C347-4854-8B2C-781D863548D7}.Debug|Win32.Build.0 = Debug|Win32
		{285A54A9-C347-4854-8B2C-781D863548D7}.Release|Win32.ActiveCfg = Release|Win32
		{285A54A9-C347-4854-8B2C-781D863548D7}.Release|Win32.Build.0 = Release|Win32
		{285A54A9-C347-4854-8B2C-781D863548D7}.MinSizeRel|Win32.ActiveCfg = MinSizeRel|Win32
		{285A54A9-C347-4854-8B2C-781D863548D7}.MinSizeRel|Win32.Build.0 = MinSizeRel|Win32
		{285A54A9-C347-4854-8B2C-781D863548D7}.RelWithDebInfo|Win32.ActiveCfg = RelWithDebInfo|Win32
		{285A54A9-C347-4854-8B2C-781D863548D7}.RelWithDebInfo|Win32.Build.0 = RelWithDebInfo|Win32
		{B27597DC-7287-4F9F-871A-C4DA4FF74779}.Debug|Win32.ActiveCfg = Debug|Win32
		{B27597DC-7287-4F9F-871A-C4DA4FF74779}.Debug|Win32.Build.0 = Debug|Win32
		{B27597DC-7287-4F9F-871A-C4DA4FF74779}.Release|Win32.ActiveCfg = Release|Win32
		{B27597DC-7287-4F9F-871A-C4DA4FF74779}.Release|Win32.Build.0 = Release|Win32
		{B27597DC-7287-4F9F-871A-C4DA4FF74779}.MinSizeRel|Win32.ActiveCfg = MinSizeRel|Win32
		{B27597DC-7287-4F9F-871A-C4DA4FF74779}.MinSizeRel|Win32.Build.0 = MinSizeRel|Win32
		{B27597DC-7287-4F9F-871A-C4DA4FF74779}.RelWithDebInfo|Win32.ActiveCfg = RelWithDebInfo|Win32
		{B27597DC-7287-4F9F-871A-C4DA4FF74779}.RelWithDebInfo|Win32.Build.0 = RelWithDebInfo|Win32
		{2E0E95EC-3BEB-4E56-8634-CF1206A53D29}.Debug|Win32.ActiveCfg = Debug|Win32
		{2E0E95EC-3BEB-4E56-8634-CF1206A53D29}.Debug|Win32.Build.0 = Debug|Win32
		{2E0E95EC-3BEB-4E56-8634-CF1206A53D29}.Release|Win32.ActiveCfg = Release|Win32
		{2E0E95EC-3BEB-4E56-8634-CF1206A53D29}.Release|Win32.Build.0 = Release|Win32
		{2E0E95EC-3BEB-4E56-8634-CF1206A53D29}.MinSizeRel|Win32.ActiveCfg = MinSizeRel|Win32
		{2E0E95EC-3BEB-4E56-8634-CF1206A53D29}.MinSizeRel|Win32.Build.0 = MinSizeRel|Win32
		{2E0E95EC-3BEB-4E56-8634-CF1206A53D29}.RelWithDebInfo|Win32.ActiveCfg = RelWithDebInfo|Win32
		{2E0E95EC-3BEB-4E56-8634-CF1206A53D29}.RelWithDebInfo|Win32.Build.0 = RelWithDebInfo|Win32
		{15D41967-6C7B-4A1B-8C17-888305BBBC97}.Debug|Win32.ActiveCfg = Debug|Win32
		{15D41967-6C7B-4A1B-8C17-888305BBBC97}.Debug|Win32.Build.0 = Debug|Win32
		{15D41967-6C7B-4A1B-8C17-888305BBBC97}.Release|Win32.ActiveCfg = Release|Win32
		{15D41967-6C7B-4A1B-8C17-888305BBBC97}.Release|Win32.Build.0 = Release|Win32
		{15D41967-6C7B-4A1B-8C17-888305BBBC97}.MinSizeRel|Win32.ActiveCfg = MinSizeRel|Win32
		{15D41967-6C7B-4A1B-8C17-888305BBBC97}.MinSizeRel|Win32.Build.0 = MinSizeRel|Win32
		{15D41967-6C7B-4A1B-8C17-888305BBBC97}.RelWithDebInfo|Win32.ActiveCfg = RelWithDebInfo|Win32
		{15D41967-6C7B-4A1B-8C17-888305BBBC97}.RelWithDebInfo|Win32.Build.0 = RelWithDebInfo|Win32
		{55FCE97D-96FA-4D92-86E8-5032EB903440}.Debug|Win32.ActiveCfg = Debug|Win32
		{55FCE97D-96FA-4D92-86E8-5032EB903440}.Debug|Win32.Build.0 = Debug|Win32
		{55FCE97D-96FA-4D92-86E8-5032EB903440}.Release|Win32.ActiveCfg = Release|Win32
		{55FCE97D-96FA-4D92-86E8-5032EB903440}.Release|Win32.Build.0 = Release|Win32
		{55FCE97D-96FA-4D92-86E8-5032EB903440}.MinSizeRel|Win32.ActiveCfg = MinSizeRel|Win32
		{55FCE97D-96FA-4D92-86E8-5032EB903440}.MinSizeRel|Win32.Build.0 = MinSizeRel|Win32
		{55FCE97D-96FA-4D92-86E8-5032EB903440}.RelWithDebInfo|Win32.ActiveCfg = RelWithDebInfo|Win32
		{55FCE97D-96FA-4D92-86E8-5032EB903440}.RelWithDebInfo|Win32.Build.0 = RelWithDebInfo|Win32
		{4E52DEDC-64CF-4FDD-8D50-5961F5E5C953}.Debug|Win32.ActiveCfg = Debug|Win32
		{4E52DEDC-64CF-4FDD-8D50-5961F5E5C953}.Debug|Win32.Build.0 = Debug|Win32
		{4E52DEDC-64CF-4FDD-8D50-5961F5E5C953}.Release|Win32.ActiveCfg = Release|Win32
		{4E52DEDC-64CF-4FDD-8D50-5961F5E5C953}.Release|Win32.Build.0 = Release|Win32
		{4E52DEDC-64CF-4FDD-8D50-5961F5E5C953}.MinSizeRel|Win32.ActiveCfg = MinSizeRel|Win32
		{4E52DEDC-64CF-4FDD-8D50-5961F5E5C953}.MinSizeRel|Win32.Build.0 = MinSizeRel|Win32
		{4E52DEDC-64CF-4FDD-8D50-5961F5E5C953}.RelWithDebInfo|Win32.ActiveCfg = RelWithDebInfo|Win32
		{4E52DEDC-64CF-4FDD-8D50-5961F5E5C953}.RelWithDebInfo|Win32.Build.0 = RelWithDebInfo|Win32
		{C9931EF5-CE14-400E-829F-9AFF73D5C23D}.Debug|Win32.ActiveCfg = Debug|Win32
		{C9931EF5-CE14-400E-829F-9AFF73D5C23D}.Debug|Win32.Build.0 = Debug|Win32
		{C9931EF5-CE14-400E-829F-9AFF73D5C23D}.Release|Win32.ActiveCfg = Release|Win32
		{C9931EF5-CE14-400E-829F-9AFF73D5C23D}.Release|Win32.Build.0 = Release|Win32
		{C9931EF5-CE14-400E-829F-9AFF73D5C23D}.MinSizeRel|Win32.ActiveCfg = MinSizeRel|Win32
		{C9931EF5-CE14-400E-829F-9AFF73D5C23D}.MinSizeRel|Win32.Build.0 = MinSizeRel|Win32
		{C9931EF5-CE14-400E-829F-9AFF73D5C23D}.RelWithDebInfo|Win32.ActiveCfg = RelWithDebInfo|Win32
		{C9931EF5-CE14-400E-829F-9AFF73D5C23D}.RelWithDebInfo|Win32.Build.0 = RelWithDebInfo|Win32
		{66241234-4522-49CA-A81F-2389172A1A6B}.Debug|Win32.ActiveCfg = Debug|Win32
		{66241234-4522-49CA-A81F-2389172A1A6B}.Debug|Win32.Build.0 = Debug|Win32
		{66241234-4522-49CA-A81F-2389172A1A6B}.Release|Win32.ActiveCfg = Release|Win32
		{66241234-4522-49CA-A81F-2389172A1A6B}.Release|Win32.Build.0 = Release|Win32
		{66241234-4522-49CA-A81F-2389172A1A6B}.MinSizeRel|Win32.ActiveCfg = MinSizeRel|Win32
		{66241234-4522-49CA-A81F-2389172A1A6B}.MinSizeRel|Win32.Build.0 = MinSizeRel|Win32
		{66241234-4522-49CA-A81F-2389172A1A6B}.RelWithDebInfo|Win32.ActiveCfg = RelWithDebInfo|Win32
		{66241234-4522-49CA-A81F-2389172A1A6B}.RelWithDebInfo|Win32.Build.0 = RelWithDebInfo|Win32
		{EE626309-9458-44C2-8DCC-0E394226C46A}.Debug|Win32.ActiveCfg = Debug|Win32
		{EE626309-9458-44C2-8DCC-0E394226C46A}.Debug|Win32.Build.0 = Debug|Win32
		{EE626309-9458-44C2-8DCC-0E394226C46A}.Release|Win32.ActiveCfg = Release|Win32
		{EE626309-9458-44C2-8DCC-0E394226C46A}.Release|Win32.Build.0 = Release|Win32
		{EE626309-9458-44C2-8DCC-0E394226C46A}.MinSizeRel|Win32.ActiveCfg = MinSizeRel|Win32
		{EE626309-9458-44C2-8DCC-0E394226C46A}.MinSizeRel|Win32.Build.0 = MinSizeRel|Win32
		{EE626309-9458-44C2-8DCC-0E394226C46A}.RelWithDebInfo|Win32.ActiveCfg = RelWithDebInfo|Win32
		{EE626309-9458-44C2-8DCC-0E394226C46A}.RelWithDebInfo|Win32.Build.0 = RelWithDebInfo|Win32
		{65A0B804-27CB-472E-B667-639BB35B0D21}.Debug|Win32.ActiveCfg = Debug|Win32
		{65A0B804-27CB-472E-B667-639BB35B0D21}.Debug|Win32.Build.0 = Debug|Win32
		{65A0B804-27CB-472E-B667-639BB35B0D21}.Release|Win32.ActiveCfg = Release|Win32
		{65A0B804-27CB-472E-B667-639BB35B0D21}.Release|Win32.Build.0 = Release|Win32
		{65A0B804-27CB-472E-B667-639BB35B0D21}.MinSizeRel|Win32.ActiveCfg = MinSizeRel|Win32
		{65A0B804-27CB-472E-B667-639BB35B0D21}.MinSizeRel|Win32.Build.0 = MinSizeRel|Win32
		{65A0B804-27CB-472E-B667-639BB35B0D21}.RelWithDebInfo|Win32.ActiveCfg = RelWithDebInfo|Win32
		{65A0B804-27CB-472E-B667-639BB35B0D21}.RelWithDebInfo|Win32.Build.0 = RelWithDebInfo|Win32
		{33D3F53C-3962-4853-BE0C-70D7E4E87C82}.Debug|Win32.ActiveCfg = Debug|Win32
		{33D3F53C-3962-4853-BE0C-70D7E4E87C82}.Debug|Win32.Build.0 = Debug|Win32
		{33D3F53C-3962-4853-BE0C-70D7E4E87C82}.Release|Win32.ActiveCfg = Release|Win32
		{33D3F53C-3962-4853-BE0C-70D7E4E87C82}.Release|Win32.Build.0 = Release|Win32
		{33D3F53C-3962-4853-BE0C-70D7E4E87C82}.MinSizeRel|Win32.ActiveCfg = MinSizeRel|Win32
		{33D3F53C-3962-4853-BE0C-70D7E4E87C82}.MinSizeRel|Win32.Build.0 = MinSizeRel|Win32
		{33D3F53C-3962-4853-BE0C-70D7E4E87C82}.RelWithDebInfo|Win32.ActiveCfg = RelWithDebInfo|Win32
		{33D3F53C-3962-4853-BE0C-70D7E4E87C82}.RelWithDebInfo|Win32.Build.0 = RelWithDebInfo|Win32
		{5D473AF7-71FF-4B81-9063-A6B868985B96}.Debug|Win32.ActiveCfg = Debug|Win32
		{5D473AF7-71FF-4B81-9063-A6B868985B96}.Debug|Win32.Build.0 = Debug|Win32
		{5D473AF7-71FF-4B81-9063-A6B868985B96}.Release|Win32.ActiveCfg = Release|Win32
		{5D473AF7-71FF-4B81-9063-A6B868985B96}.Release|Win32.Build.0 = Release|Win32
		{5D473AF7-71FF-4B81-9063-A6B868985B96}.MinSizeRel|Win32.ActiveCfg = MinSizeRel|Win32
		{5D473AF7-71FF-4B81-9063-A6B868985B96}.MinSizeRel|Win32.Build.0 = MinSizeRel|Win32
		{5D473AF7-71FF-4B81-9063-A6B868985B96}.RelWithDebInfo|Win32.ActiveCfg = RelWithDebInfo|Win32
		{5D473AF7-71FF-4B81-9063-A6B868985B96}.RelWithDebInfo|Win32.Build.0 = RelWithDebInfo|Win32
		{4F9890AC-C36F-4288-ABD0-8F391DAE45A5}.Debug|Win32.ActiveCfg = Debug|Win32
		{4F9890AC-C36F-4288-ABD0-8F391DAE45A5}.Debug|Win32.Build.0 = Debug|Win32
		{4F9890AC-C36F-4288-ABD0-8F391DAE45A5}.Release|Win32.ActiveCfg = Release|Win32
		{4F9890AC-C36F-4288-ABD0-8F391DAE45A5}.Release|Win32.Build.0 = Release|Win32
		{4F9890AC-C36F-4288-ABD0-8F391DAE45A5}.MinSizeRel|Win32.ActiveCfg = MinSizeRel|Win32
		{4F9890AC-C36F-4288-ABD0-8F391DAE45A5}.MinSizeRel|Win32.Build.0 = MinSizeRel|Win32
		{4F9890AC-C36F-4288-ABD0-8F391DAE45A5}.RelWithDebInfo|Win32.ActiveCfg = RelWithDebInfo|Win32
		{4F9890AC-C36F-4288-ABD0-8F391DAE45A5}.RelWithDebInfo|Win32.Build.0 = RelWithDebInfo|Win32
		{C4DFE063-624C-42E0-A610-95A7CCED061C}.Debug|Win32.ActiveCfg = Debug|Win32
		{C4DFE063-624C-42E0-A610-95A7CCED061C}.Debug|Win32.Build.0 = Debug|Win32
		{C4DFE063-624C-42E0-A610-95A7CCED061C}.Release|Win32.ActiveCfg = Release|Win32
		{C4DFE063-624C-42E0-A610-95A7CCED061C}.Release|Win32.Build.0 = Release|Win32
		{C4DFE063-624C-42E0-A610-95A7CCED061C}.MinSizeRel|Win32.ActiveCfg = MinSizeRel|Win32
		{C4DFE063-624C-42E0-A610-95A7CCED061C}.MinSizeRel|Win32.Build.0 = MinSizeRel|Win32
		{C4DFE063-624C-42E0-A610-95A7CCED061C}.RelWithDebInfo|Win32.ActiveCfg = RelWithDebInfo|Win32
		{C4DFE063-624C-42E0-A610-95A7CCED061C}.RelWithDebInfo|Win32.Build.0 = RelWithDebInfo|Win32
		{3EFE8066-F2B5-4A6F-ABD8-932278A0942F}.Debug|Win32.ActiveCfg = Debug|Win32
		{3EFE8066-F2B5-4A6F-ABD8-932278A0942F}.Debug|Win32.Build.0 = Debug|Win32
		{3EFE8066-F2B5-4A6F-ABD8-932278A0942F}.Release|Win32.ActiveCfg = Release|Win32
		{3EFE8066-F2B5-4A6F-ABD8-932278A0942F}.Release|Win32.Build.0 = Release|Win32
		{3EFE8066-F2B5-4A6F-ABD8-932278A0942F}.MinSizeRel|Win32.ActiveCfg = MinSizeRel|Win32
		{3EFE8066-F2B5-4A6F-ABD8-932278A0942F}.MinSizeRel|Win32.Build.0 = MinSizeRel|Win32
		{3EFE8066-F2B5-4A6F-ABD8-932278A0942F}.RelWithDebInfo|Win32.ActiveCfg = RelWithDebInfo|Win32
		{3EFE8066-F2B5-4A6F-ABD8-932278A0942F}.RelWithDebInfo|Win32.Build.0 = RelWithDebInfo|Win32
		{7878F339-BC22-4471-8753-84F382F6AEAC}.Debug|Win32.ActiveCfg = Debug|Win32
		{7878F339-BC22-4471-8753-84F382F6AEAC}.Debug|Win32.Build.0 = Debug|Win32
		{7878F339-BC22-4471-8753-84F382F6AEAC}.Release|Win32.ActiveCfg = Release|Win32
		{7878F339-BC22-4471-8753-84F382F6AEAC}.Release|Win32.Build.0 = Release|Win32
		{7878F339-BC22-4471-8753-84F382F6AEAC}.MinSizeRel|Win32.ActiveCfg = MinSizeRel|Win32
		{7878F339-BC22-4471-8753-84F382F6AEAC}.MinSizeRel|Win32.Build.0 = MinSizeRel|Win32
		{7878F339-BC22-4471-8753-84F382F6AEAC}.RelWithDebInfo|Win32.ActiveCfg = RelWithDebInfo|Win32
		{7878F339-BC22-4471-8753-84F382F6AEAC}.RelWithDebInfo|Win32.Build.0 = RelWithDebInfo|Win32
		{53B832AE-F9A7-4EE2-86CE-08F8A753D30F}.Debug|Win32.ActiveCfg = Debug|Win32
		{53B832AE-F9A7-4EE2-86CE-08F8A753D30F}.Debug|Win32.Build.0 = Debug|Win32
		{53B832AE-F9A7-4EE2-86CE-08F8A753D30F}.Release|Win32.ActiveCfg = Release|Win32
		{53B832AE-F9A7-4EE2-86CE-08F8A753D30F}.Release|Win32.Build.0 = Release|Win32
		{53B832AE-F9A7-4EE2-86CE-08F8A753D30F}.MinSizeRel|Win32.ActiveCfg = MinSizeRel|Win32
		{53B832AE-F9A7-4EE2-86CE-08F8A753D30F}.MinSizeRel|Win32.Build.0 = MinSizeRel|Win32
		{53B832AE-F9A7-4EE2-86CE-08F8A753D30F}.RelWithDebInfo|Win32.ActiveCfg = RelWithDebInfo|Win32
		{53B832AE-F9A7-4EE2-86CE-08F8A753D30F}.RelWithDebInfo|Win32.Build.0 = RelWithDebInfo|Win32
		{82190C1B-62FE-4759-8051-EAD9315BF89F}.Debug|Win32.ActiveCfg = Debug|Win32
		{82190C1B-62FE-4759-8051-EAD9315BF89F}.Debug|Win32.Build.0 = Debug|Win32
		{82190C1B-62FE-4759-8051-EAD9315BF89F}.Release|Win32.ActiveCfg = Release|Win32
		{82190C1B-62FE-4759-8051-EAD9315BF89F}.Release|Win32.Build.0 = Release|Win32
		{82190C1B-62FE-4759-8051-EAD9315BF89F}.MinSizeRel|Win32.ActiveCfg = MinSizeRel|Win32
		{82190C1B-62FE-4759-8051-EAD9315BF89F}.MinSizeRel|Win32.Build.0 = MinSizeRel|Win32
		{82190C1B-62FE-4759-8051-EAD9315BF89F}.RelWithDebInfo|Win32.ActiveCfg = RelWithDebInfo|Win32
		{82190C1B-62FE-4759-8051-EAD9315BF89F}.RelWithDebInfo|Win32.Build.0 = RelWithDebInfo|Win32
		{CD25DE26-FA6B-4691-BACD-107F6A8AA1C8}.Debug|Win32.ActiveCfg = Debug|Win32
		{CD25DE26-FA6B-4691-BACD-107F6A8AA1C8}.Debug|Win32.Build.0 = Debug|Win32
		{CD25DE26-FA6B-4691-BACD-107F6A8AA1C8}.Release|Win32.ActiveCfg = Release|Win32
		{CD25DE26-FA6B-4691-BACD-107F6A8AA1C8}.Release|Win32.Build.0 = Release|Win32
		{CD25DE26-FA6B-4691-BACD-107F6A8AA1C8}.MinSizeRel|Win32.ActiveCfg = MinSizeRel|Win32
		{CD25DE26-FA6B-4691-BACD-107F6A8AA1C8}.MinSizeRel|Win32.Build.0 = MinSizeRel|Win32
		{CD25DE26-FA6B-4691-BACD-107F6A8AA1C8}.RelWithDebInfo|Win32.ActiveCfg = RelWithDebInfo|Win32
		{CD25DE26-FA6B-4691-BACD-107F6A8AA1C8}.RelWithDebInfo|Win32.Build.0 = RelWithDebInfo|Win32
		{15CF4BE7-6AFC-4695-B36D-FA686D87BE47}.Debug|Win32.ActiveCfg = Debug|Win32
		{15CF4BE7-6AFC-4695-B36D-FA686D87BE47}.Debug|Win32.Build.0 = Debug|Win32
		{15CF4BE7-6AFC-4695-B36D-FA686D87BE47}.Release|Win32.ActiveCfg = Release|Win32
		{15CF4BE7-6AFC-4695-B36D-FA686D87BE47}.Release|Win32.Build.0 = Release|Win32
		{15CF4BE7-6AFC-4695-B36D-FA686D87BE47}.MinSizeRel|Win32.ActiveCfg = MinSizeRel|Win32
		{15CF4BE7-6AFC-4695-B36D-FA686D87BE47}.MinSizeRel|Win32.Build.0 = MinSizeRel|Win32
		{15CF4BE7-6AFC-4695-B36D-FA686D87BE47}.RelWithDebInfo|Win32.ActiveCfg = RelWithDebInfo|Win32
		{15CF4BE7-6AFC-4695-B36D-FA686D87BE47}.RelWithDebInfo|Win32.Build.0 = RelWithDebInfo|Win32
		{7F90D533-2D43-4998-9B81-34D094F2AC46}.Debug|Win32.ActiveCfg = Debug|Win32
		{7F90D533-2D43-4998-9B81-34D094F2AC46}.Debug|Win32.Build.0 = Debug|Win32
		{7F90D533-2D43-4998-9B81-34D094F2AC46}.Release|Win32.ActiveCfg = Release|Win32
		{7F90D533-2D43-4998-9B81-34D094F2AC46}.Release|Win32.Build.0 = Release|Win32
		{7F90D533-2D43-4998-9B81-34D094F2AC46}.MinSizeRel|Win32.ActiveCfg = MinSizeRel|Win32
		{7F90D533-2D43-4998-9B81-34D094F2AC46}.MinSizeRel|Win32.Build.0 = MinSizeRel|Win32
		{7F90D533-2D43-4998-9B81-34D094F2AC46}.RelWithDebInfo|Win32.ActiveCfg = RelWithDebInfo|Win32
		{7F90D533-2D43-4998-9B81-34D094F2AC46}.RelWithDebInfo|Win32.Build.0 = RelWithDebInfo|Win32
		{9481CBFF-812F-4182-B2D3-4AE047A9445E}.Debug|Win32.ActiveCfg = Debug|Win32
		{9481CBFF-812F-4182-B2D3-4AE047A9445E}.Debug|Win32.Build.0 = Debug|Win32
		{9481CBFF-812F-4182-B2D3-4AE047A9445E}.Release|Win32.ActiveCfg = Release|Win32
		{9481CBFF-812F-4182-B2D3-4AE047A9445E}.Release|Win32.Build.0 = Release|Win32
		{9481CBFF-812F-4182-B2D3-4AE047A9445E}.MinSizeRel|Win32.ActiveCfg = MinSizeRel|Win32
		{9481CBFF-812F-4182-B2D3-4AE047A9445E}.MinSizeRel|Win32.Build.0 = MinSizeRel|Win32
		{9481CBFF-812F-4182-B2D3-4AE047A9445E}.RelWithDebInfo|Win32.ActiveCfg = RelWithDebInfo|Win32
		{9481CBFF-812F-4182-B2D3-4AE047A9445E}.RelWithDebInfo|Win32.Build.0 = RelWithDebInfo|Win32
		{D6C86D60-3065-4250-AA52-E2F87785F334}.Debug|Win32.ActiveCfg = Debug|Win32
		{D6C86D60-3065-4250-AA52-E2F87785F334}.Debug|Win32.Build.0 = Debug|Win32
		{D6C86D60-3065-4250-AA52-E2F87785F334}.Release|Win32.ActiveCfg = Release|Win32
		{D6C86D60-3065-4250-AA52-E2F87785F334}.Release|Win32.Build.0 = Release|Win32
		{D6C86D60-3065-4250-AA52-E2F87785F334}.MinSizeRel|Win32.ActiveCfg = MinSizeRel|Win32
		{D6C86D60-3065-4250-AA52-E2F87785F334}.MinSizeRel|Win32.Build.0 = MinSizeRel|Win32
		{D6C86D60-3065-4250-AA52-E2F87785F334}.RelWithDebInfo|Win32.ActiveCfg = RelWithDebInfo|Win32
		{D6C86D60-3065-4250-AA52-E2F87785F334}.RelWithDebInfo|Win32.Build.0 = RelWithDebInfo|Win32
		{2F391AC3-AB53-4145-B0DB-F5734CD76DDA}.Debug|Win32.ActiveCfg = Debug|Win32
		{2F391AC3-AB53-4145-B0DB-F5734CD76DDA}.Debug|Win32.Build.0 = Debug|Win32
		{2F391AC3-AB53-4145-B0DB-F5734CD76DDA}.Release|Win32.ActiveCfg = Release|Win32
		{2F391AC3-AB53-4145-B0DB-F5734CD76DDA}.Release|Win32.Build.0 = Release|Win32
		{2F391AC3-AB53-4145-B0DB-F5734CD76DDA}.MinSizeRel|Win32.ActiveCfg = MinSizeRel|Win32
		{2F391AC3-AB53-4145-B0DB-F5734CD76DDA}.MinSizeRel|Win32.Build.0 = MinSizeRel|Win32
		{2F391AC3-AB53-4145-B0DB-F5734CD76DDA}.RelWithDebInfo|Win32.ActiveCfg = RelWithDebInfo|Win32
		{2F391AC3-AB53-4145-B0DB-F5734CD76DDA}.RelWithDebInfo|Win32.Build.0 = RelWithDebInfo|Win32
		{51E085E8-DD92-41E6-BE24-4248115679C6}.Debug|Win32.ActiveCfg = Debug|Win32
		{51E085E8-DD92-41E6-BE24-4248115679C6}.Debug|Win32.Build.0 = Debug|Win32
		{51E085E8-DD92-41E6-BE24-4248115679C6}.Release|Win32.ActiveCfg = Release|Win32
		{51E085E8-DD92-41E6-BE24-4248115679C6}.Release|Win32.Build.0 = Release|Win32
		{51E085E8-DD92-41E6-BE24-4248115679C6}.MinSizeRel|Win32.ActiveCfg = MinSizeRel|Win32
		{51E085E8-DD92-41E6-BE24-4248115679C6}.MinSizeRel|Win32.Build.0 = MinSizeRel|Win32
		{51E085E8-DD92-41E6-BE24-4248115679C6}.RelWithDebInfo|Win32.ActiveCfg = RelWithDebInfo|Win32
		{51E085E8-DD92-41E6-BE24-4248115679C6}.RelWithDebInfo|Win32.Build.0 = RelWithDebInfo|Win32
		{BE3CAD70-8F65-4B0C-A45C-6CD217C63C8A}.Debug|Win32.ActiveCfg = Debug|Win32
		{BE3CAD70-8F65-4B0C-A45C-6CD217C63C8A}.Debug|Win32.Build.0 = Debug|Win32
		{BE3CAD70-8F65-4B0C-A45C-6CD217C63C8A}.Release|Win32.ActiveCfg = Release|Win32
		{BE3CAD70-8F65-4B0C-A45C-6CD217C63C8A}.Release|Win32.Build.0 = Release|Win32
		{BE3CAD70-8F65-4B0C-A45C-6CD217C63C8A}.MinSizeRel|Win32.ActiveCfg = MinSizeRel|Win32
		{BE3CAD70-8F65-4B0C-A45C-6CD217C63C8A}.MinSizeRel|Win32.Build.0 = MinSizeRel|Win32
		{BE3CAD70-8F65-4B0C-A45C-6CD217C63C8A}.RelWithDebInfo|Win32.ActiveCfg = RelWithDebInfo|Win32
		{BE3CAD70-8F65-4B0C-A45C-6CD217C63C8A}.RelWithDebInfo|Win32.Build.0 = RelWithDebInfo|Win32
		{EB48414C-7471-47FF-8D16-C2DC9135C125}.Debug|Win32.ActiveCfg = Debug|Win32
		{EB48414C-7471-47FF-8D16-C2DC9135C125}.Debug|Win32.Build.0 = Debug|Win32
		{EB48414C-7471-47FF-8D16-C2DC9135C125}.Release|Win32.ActiveCfg = Release|Win32
		{EB48414C-7471-47FF-8D16-C2DC9135C125}.Release|Win32.Build.0 = Release|Win32
		{EB48414C-7471-47FF-8D16-C2DC9135C125}.MinSizeRel|Win32.ActiveCfg = MinSizeRel|Win32
		{EB48414C-7471-47FF-8D16-C2DC9135C125}.MinSizeRel|Win32.Build.0 = MinSizeRel|Win32
		{EB48414C-7471-47FF-8D16-C2DC9135C125}.RelWithDebInfo|Win32.ActiveCfg = RelWithDebInfo|Win32
		{EB48414C-7471-47FF-8D16-C2DC9135C125}.RelWithDebInfo|Win32.Build.0 = RelWithDebInfo|Win32
		{C959E868-68F7-4376-B241-32F8DA1F4B58}.Debug|Win32.ActiveCfg = Debug|Win32
		{C959E868-68F7-4376-B241-32F8DA1F4B58}.Debug|Win32.Build.0 = Debug|Win32
		{C959E868-68F7-4376-B241-32F8DA1F4B58}.Release|Win32.ActiveCfg = Release|Win32
		{C959E868-68F7-4376-B241-32F8DA1F4B58}.Release|Win32.Build.0 = Release|Win32
		{C959E868-68F7-4376-B241-32F8DA1F4B58}.MinSizeRel|Win32.ActiveCfg = MinSizeRel|Win32
		{C959E868-68F7-4376-B241-32F8DA1F4B58}.MinSizeRel|Win32.Build.0 = MinSizeRel|Win32
		{C959E868-68F7-4376-B241-32F8DA1F4B58}.RelWithDebInfo|Win32.ActiveCfg = RelWithDebInfo|Win32
		{C959E868-68F7-4376-B241-32F8DA1F4B58}.RelWithDebInfo|Win32.Build.0 = RelWithDebInfo|Win32
		{B9F970B7-38A2-4CFC-A99C-515DC5B4F8E0}.Debug|Win32.ActiveCfg = Debug|Win32
		{B9F970B7-38A2-4CFC-A99C-515DC5B4F8E0}.Debug|Win32.Build.0 = Debug|Win32
		{B9F970B7-38A2-4CFC-A99C-515DC5B4F8E0}.Release|Win32.ActiveCfg = Release|Win32
		{B9F970B7-38A2-4CFC-A99C-515DC5B4F8E0}.Release|Win32.Build.0 = Release|Win32
		{B9F970B7-38A2-4CFC-A99C-515DC5B4F8E0}.MinSizeRel|Win32.ActiveCfg = MinSizeRel|Win32
		{B9F970B7-38A2-4CFC-A99C-515DC5B4F8E0}.MinSizeRel|Win32.Build.0 = MinSizeRel|Win32
		{B9F970B7-38A2-4CFC-A99C-515DC5B4F8E0}.RelWithDebInfo|Win32.ActiveCfg = RelWithDebInfo|Win32
		{B9F970B7-38A2-4CFC-A99C-515DC5B4F8E0}.RelWithDebInfo|Win32.Build.0 = RelWithDebInfo|Win32
		{1F573067-5056-43B0-86BF-C1E091745F5D}.Debug|Win32.ActiveCfg = Debug|Win32
		{1F573067-5056-43B0-86BF-C1E091745F5D}.Debug|Win32.Build.0 = Debug|Win32
		{1F573067-5056-43B0-86BF-C1E091745F5D}.Release|Win32.ActiveCfg = Release|Win32
		{1F573067-5056-43B0-86BF-C1E091745F5D}.Release|Win32.Build.0 = Release|Win32
		{1F573067-5056-43B0-86BF-C1E091745F5D}.MinSizeRel|Win32.ActiveCfg = MinSizeRel|Win32
		{1F573067-5056-43B0-86BF-C1E091745F5D}.MinSizeRel|Win32.Build.0 = MinSizeRel|Win32
		{1F573067-5056-43B0-86BF-C1E091745F5D}.RelWithDebInfo|Win32.ActiveCfg = RelWithDebInfo|Win32
		{1F573067-5056-43B0-86BF-C1E091745F5D}.RelWithDebInfo|Win32.Build.0 = RelWithDebInfo|Win32
		{2B5222F2-6C0A-44AB-80EB-5E0721AEE560}.Debug|Win32.ActiveCfg = Debug|Win32
		{2B5222F2-6C0A-44AB-80EB-5E0721AEE560}.Debug|Win32.Build.0 = Debug|Win32
		{2B5222F2-6C0A-44AB-80EB-5E0721AEE560}.Release|Win32.ActiveCfg = Release|Win32
		{2B5222F2-6C0A-44AB-80EB-5E0721AEE560}.Release|Win32.Build.0 = Release|Win32
		{2B5222F2-6C0A-44AB-80EB-5E0721AEE560}.MinSizeRel|Win32.ActiveCfg = MinSizeRel|Win32
		{2B5222F2-6C0A-44AB-80EB-5E0721AEE560}.MinSizeRel|Win32.Build.0 = MinSizeRel|Win32
		{2B5222F2-6C0A-44AB-80EB-5E0721AEE560}.RelWithDebInfo|Win32.ActiveCfg = RelWithDebInfo|Win32
		{2B5222F2-6C0A-44AB-80EB-5E0721AEE560}.RelWithDebInfo|Win32.Build.0 = RelWithDebInfo|Win32
		{3818D880-F651-4019-824A-A59098402716}.Debug|Win32.ActiveCfg = Debug|Win32
		{3818D880-F651-4019-824A-A59098402716}.Debug|Win32.Build.0 = Debug|Win32
		{3818D880-F651-4019-824A-A59098402716}.Release|Win32.ActiveCfg = Release|Win32
		{3818D880-F651-4019-824A-A59098402716}.Release|Win32.Build.0 = Release|Win32
		{3818D880-F651-4019-824A-A59098402716}.MinSizeRel|Win32.ActiveCfg = MinSizeRel|Win32
		{3818D880-F651-4019-824A-A59098402716}.MinSizeRel|Win32.Build.0 = MinSizeRel|Win32
		{3818D880-F651-4019-824A-A59098402716}.RelWithDebInfo|Win32.ActiveCfg = RelWithDebInfo|Win32
		{3818D880-F651-4019-824A-A59098402716}.RelWithDebInfo|Win32.Build.0 = RelWithDebInfo|Win32
		{CFD1DFCD-9378-47D1-AD9E-5F9A34D32845}.Debug|Win32.ActiveCfg = Debug|Win32
		{CFD1DFCD-9378-47D1-AD9E-5F9A34D32845}.Debug|Win32.Build.0 = Debug|Win32
		{CFD1DFCD-9378-47D1-AD9E-5F9A34D32845}.Release|Win32.ActiveCfg = Release|Win32
		{CFD1DFCD-9378-47D1-AD9E-5F9A34D32845}.Release|Win32.Build.0 = Release|Win32
		{CFD1DFCD-9378-47D1-AD9E-5F9A34D32845}.MinSizeRel|Win32.ActiveCfg = MinSizeRel|Win32
		{CFD1DFCD-9378-47D1-AD9E-5F9A34D32845}.MinSizeRel|Win32.Build.0 = MinSizeRel|Win32
		{CFD1DFCD-9378-47D1-AD9E-5F9A34D32845}.RelWithDebInfo|Win32.ActiveCfg = RelWithDebInfo|Win32
		{CFD1DFCD-9378-47D1-AD9E-5F9A34D32845}.RelWithDebInfo|Win32.Build.0 = RelWithDebInfo|Win32
		{40855126-2D5B-4757-9A82-5DDED678699A}.Debug|Win32.ActiveCfg = Debug|Win32
		{40855126-2D5B-4757-9A82-5DDED678699A}.Debug|Win32.Build.0 = Debug|Win32
		{40855126-2D5B-4757-9A82-5DDED678699A}.Release|Win32.ActiveCfg = Release|Win32
		{40855126-2D5B-4757-9A82-5DDED678699A}.Release|Win32.Build.0 = Release|Win32
		{40855126-2D5B-4757-9A82-5DDED678699A}.MinSizeRel|Win32.ActiveCfg = MinSizeRel|Win32
		{40855126-2D5B-4757-9A82-5DDED678699A}.MinSizeRel|Win32.Build.0 = MinSizeRel|Win32
		{40855126-2D5B-4757-9A82-5DDED678699A}.RelWithDebInfo|Win32.ActiveCfg = RelWithDebInfo|Win32
		{40855126-2D5B-4757-9A82-5DDED678699A}.RelWithDebInfo|Win32.Build.0 = RelWithDebInfo|Win32
		{857A4D57-384A-4509-B800-25564DA32B65}.Debug|Win32.ActiveCfg = Debug|Win32
		{857A4D57-384A-4509-B800-25564DA32B65}.Debug|Win32.Build.0 = Debug|Win32
		{857A4D57-384A-4509-B800-25564DA32B65}.Release|Win32.ActiveCfg = Release|Win32
		{857A4D57-384A-4509-B800-25564DA32B65}.Release|Win32.Build.0 = Release|Win32
		{857A4D57-384A-4509-B800-25564DA32B65}.MinSizeRel|Win32.ActiveCfg = MinSizeRel|Win32
		{857A4D57-384A-4509-B800-25564DA32B65}.MinSizeRel|Win32.Build.0 = MinSizeRel|Win32
		{857A4D57-384A-4509-B800-25564DA32B65}.RelWithDebInfo|Win32.ActiveCfg = RelWithDebInfo|Win32
		{857A4D57-384A-4509-B800-25564DA32B65}.RelWithDebInfo|Win32.Build.0 = RelWithDebInfo|Win32
		{624BF754-C10F-4B04-99C4-7C251DD67A1C}.Debug|Win32.ActiveCfg = Debug|Win32
		{624BF754-C10F-4B04-99C4-7C251DD67A1C}.Debug|Win32.Build.0 = Debug|Win32
		{624BF754-C10F-4B04-99C4-7C251DD67A1C}.Release|Win32.ActiveCfg = Release|Win32
		{624BF754-C10F-4B04-99C4-7C251DD67A1C}.Release|Win32.Build.0 = Release|Win32
		{624BF754-C10F-4B04-99C4-7C251DD67A1C}.MinSizeRel|Win32.ActiveCfg = MinSizeRel|Win32
		{624BF754-C10F-4B04-99C4-7C251DD67A1C}.MinSizeRel|Win32.Build.0 = MinSizeRel|Win32
		{624BF754-C10F-4B04-99C4-7C251DD67A1C}.RelWithDebInfo|Win32.ActiveCfg = RelWithDebInfo|Win32
		{624BF754-C10F-4B04-99C4-7C251DD67A1C}.RelWithDebInfo|Win32.Build.0 = RelWithDebInfo|Win32
		{E601E3D9-0E4F-4BA5-BD56-E19814699D61}.Debug|Win32.ActiveCfg = Debug|Win32
		{E601E3D9-0E4F-4BA5-BD56-E19814699D61}.Debug|Win32.Build.0 = Debug|Win32
		{E601E3D9-0E4F-4BA5-BD56-E19814699D61}.Release|Win32.ActiveCfg = Release|Win32
		{E601E3D9-0E4F-4BA5-BD56-E19814699D61}.Release|Win32.Build.0 = Release|Win32
		{E601E3D9-0E4F-4BA5-BD56-E19814699D61}.MinSizeRel|Win32.ActiveCfg = MinSizeRel|Win32
		{E601E3D9-0E4F-4BA5-BD56-E19814699D61}.MinSizeRel|Win32.Build.0 = MinSizeRel|Win32
		{E601E3D9-0E4F-4BA5-BD56-E19814699D61}.RelWithDebInfo|Win32.ActiveCfg = RelWithDebInfo|Win32
		{E601E3D9-0E4F-4BA5-BD56-E19814699D61}.RelWithDebInfo|Win32.Build.0 = RelWithDebInfo|Win32
		{A3BED7D3-97A1-416E-A88C-507C89E6C0C5}.Debug|Win32.ActiveCfg = Debug|Win32
		{A3BED7D3-97A1-416E-A88C-507C89E6C0C5}.Debug|Win32.Build.0 = Debug|Win32
		{A3BED7D3-97A1-416E-A88C-507C89E6C0C5}.Release|Win32.ActiveCfg = Release|Win32
		{A3BED7D3-97A1-416E-A88C-507C89E6C0C5}.Release|Win32.Build.0 = Release|Win32
		{A3BED7D3-97A1-416E-A88C-507C89E6C0C5}.MinSizeRel|Win32.ActiveCfg = MinSizeRel|Win32
		{A3BED7D3-97A1-416E-A88C-507C89E6C0C5}.MinSizeRel|Win32.Build.0 = MinSizeRel|Win32
		{A3BED7D3-97A1-416E-A88C-507C89E6C0C5}.RelWithDebInfo|Win32.ActiveCfg = RelWithDebInfo|Win32
		{A3BED7D3-97A1-416E-A88C-507C89E6C0C5}.RelWithDebInfo|Win32.Build.0 = RelWithDebInfo|Win32
		{244BE0A0-2228-4B61-A87D-064B38C78534}.Debug|Win32.ActiveCfg = Debug|Win32
		{244BE0A0-2228-4B61-A87D-064B38C78534}.Debug|Win32.Build.0 = Debug|Win32
		{244BE0A0-2228-4B61-A87D-064B38C78534}.Release|Win32.ActiveCfg = Release|Win32
		{244BE0A0-2228-4B61-A87D-064B38C78534}.Release|Win32.Build.0 = Release|Win32
		{244BE0A0-2228-4B61-A87D-064B38C78534}.MinSizeRel|Win32.ActiveCfg = MinSizeRel|Win32
		{244BE0A0-2228-4B61-A87D-064B38C78534}.MinSizeRel|Win32.Build.0 = MinSizeRel|Win32
		{244BE0A0-2228-4B61-A87D-064B38C78534}.RelWithDebInfo|Win32.ActiveCfg = RelWithDebInfo|Win32
		{244BE0A0-2228-4B61-A87D-064B38C78534}.RelWithDebInfo|Win32.Build.0 = RelWithDebInfo|Win32
		{55AE1F4D-E594-4774-A9E6-F359C35937A5}.Debug|Win32.ActiveCfg = Debug|Win32
		{55AE1F4D-E594-4774-A9E6-F359C35937A5}.Debug|Win32.Build.0 = Debug|Win32
		{55AE1F4D-E594-4774-A9E6-F359C35937A5}.Release|Win32.ActiveCfg = Release|Win32
		{55AE1F4D-E594-4774-A9E6-F359C35937A5}.Release|Win32.Build.0 = Release|Win32
		{55AE1F4D-E594-4774-A9E6-F359C35937A5}.MinSizeRel|Win32.ActiveCfg = MinSizeRel|Win32
		{55AE1F4D-E594-4774-A9E6-F359C35937A5}.MinSizeRel|Win32.Build.0 = MinSizeRel|Win32
		{55AE1F4D-E594-4774-A9E6-F359C35937A5}.RelWithDebInfo|Win32.ActiveCfg = RelWithDebInfo|Win32
		{55AE1F4D-E594-4774-A9E6-F359C35937A5}.RelWithDebInfo|Win32.Build.0 = RelWithDebInfo|Win32
		{A14C5B0F-7A5F-4D2A-8983-212387AB45A7}.Debug|Win32.ActiveCfg = Debug|Win32
		{A14C5B0F-7A5F-4D2A-8983-212387AB45A7}.Debug|Win32.Build.0 = Debug|Win32
		{A14C5B0F-7A5F-4D2A-8983-212387AB45A7}.Release|Win32.ActiveCfg = Release|Win32
		{A14C5B0F-7A5F-4D2A-8983-212387AB45A7}.Release|Win32.Build.0 = Release|Win32
		{A14C5B0F-7A5F-4D2A-8983-212387AB45A7}.MinSizeRel|Win32.ActiveCfg = MinSizeRel|Win32
		{A14C5B0F-7A5F-4D2A-8983-212387AB45A7}.MinSizeRel|Win32.Build.0 = MinSizeRel|Win32
		{A14C5B0F-7A5F-4D2A-8983-212387AB45A7}.RelWithDebInfo|Win32.ActiveCfg = RelWithDebInfo|Win32
		{A14C5B0F-7A5F-4D2A-8983-212387AB45A7}.RelWithDebInfo|Win32.Build.0 = RelWithDebInfo|Win32
		{E559E615-6807-441A-9B80-8DB35FC4E2AA}.Debug|Win32.ActiveCfg = Debug|Win32
		{E559E615-6807-441A-9B80-8DB35FC4E2AA}.Debug|Win32.Build.0 = Debug|Win32
		{E559E615-6807-441A-9B80-8DB35FC4E2AA}.Release|Win32.ActiveCfg = Release|Win32
		{E559E615-6807-441A-9B80-8DB35FC4E2AA}.Release|Win32.Build.0 = Release|Win32
		{E559E615-6807-441A-9B80-8DB35FC4E2AA}.MinSizeRel|Win32.ActiveCfg = MinSizeRel|Win32
		{E559E615-6807-441A-9B80-8DB35FC4E2AA}.MinSizeRel|Win32.Build.0 = MinSizeRel|Win32
		{E559E615-6807-441A-9B80-8DB35FC4E2AA}.RelWithDebInfo|Win32.ActiveCfg = RelWithDebInfo|Win32
		{E559E615-6807-441A-9B80-8DB35FC4E2AA}.RelWithDebInfo|Win32.Build.0 = RelWithDebInfo|Win32
		{46B235D0-776A-47C3-934D-9152A68C3D06}.Debug|Win32.ActiveCfg = Debug|Win32
		{46B235D0-776A-47C3-934D-9152A68C3D06}.Debug|Win32.Build.0 = Debug|Win32
		{46B235D0-776A-47C3-934D-9152A68C3D06}.Release|Win32.ActiveCfg = Release|Win32
		{46B235D0-776A-47C3-934D-9152A68C3D06}.Release|Win32.Build.0 = Release|Win32
		{46B235D0-776A-47C3-934D-9152A68C3D06}.MinSizeRel|Win32.ActiveCfg = MinSizeRel|Win32
		{46B235D0-776A-47C3-934D-9152A68C3D06}.MinSizeRel|Win32.Build.0 = MinSizeRel|Win32
		{46B235D0-776A-47C3-934D-9152A68C3D06}.RelWithDebInfo|Win32.ActiveCfg = RelWithDebInfo|Win32
		{46B235D0-776A-47C3-934D-9152A68C3D06}.RelWithDebInfo|Win32.Build.0 = RelWithDebInfo|Win32
		{B0226700-F33D-4C7C-9F58-268BBAC208F1}.Debug|Win32.ActiveCfg = Debug|Win32
		{B0226700-F33D-4C7C-9F58-268BBAC208F1}.Debug|Win32.Build.0 = Debug|Win32
		{B0226700-F33D-4C7C-9F58-268BBAC208F1}.Release|Win32.ActiveCfg = Release|Win32
		{B0226700-F33D-4C7C-9F58-268BBAC208F1}.Release|Win32.Build.0 = Release|Win32
		{B0226700-F33D-4C7C-9F58-268BBAC208F1}.MinSizeRel|Win32.ActiveCfg = MinSizeRel|Win32
		{B0226700-F33D-4C7C-9F58-268BBAC208F1}.MinSizeRel|Win32.Build.0 = MinSizeRel|Win32
		{B0226700-F33D-4C7C-9F58-268BBAC208F1}.RelWithDebInfo|Win32.ActiveCfg = RelWithDebInfo|Win32
		{B0226700-F33D-4C7C-9F58-268BBAC208F1}.RelWithDebInfo|Win32.Build.0 = RelWithDebInfo|Win32
		{337F9294-F385-447A-81BB-A7FDE517FD3D}.Debug|Win32.ActiveCfg = Debug|Win32
		{337F9294-F385-447A-81BB-A7FDE517FD3D}.Debug|Win32.Build.0 = Debug|Win32
		{337F9294-F385-447A-81BB-A7FDE517FD3D}.Release|Win32.ActiveCfg = Release|Win32
		{337F9294-F385-447A-81BB-A7FDE517FD3D}.Release|Win32.Build.0 = Release|Win32
		{337F9294-F385-447A-81BB-A7FDE517FD3D}.MinSizeRel|Win32.ActiveCfg = MinSizeRel|Win32
		{337F9294-F385-447A-81BB-A7FDE517FD3D}.MinSizeRel|Win32.Build.0 = MinSizeRel|Win32
		{337F9294-F385-447A-81BB-A7FDE517FD3D}.RelWithDebInfo|Win32.ActiveCfg = RelWithDebInfo|Win32
		{337F9294-F385-447A-81BB-A7FDE517FD3D}.RelWithDebInfo|Win32.Build.0 = RelWithDebInfo|Win32
		{0026769B-3293-4EF9-A9C7-132D582D9A7D}.Debug|Win32.ActiveCfg = Debug|Win32
		{0026769B-3293-4EF9-A9C7-132D582D9A7D}.Debug|Win32.Build.0 = Debug|Win32
		{0026769B-3293-4EF9-A9C7-132D582D9A7D}.Release|Win32.ActiveCfg = Release|Win32
		{0026769B-3293-4EF9-A9C7-132D582D9A7D}.Release|Win32.Build.0 = Release|Win32
		{0026769B-3293-4EF9-A9C7-132D582D9A7D}.MinSizeRel|Win32.ActiveCfg = MinSizeRel|Win32
		{0026769B-3293-4EF9-A9C7-132D582D9A7D}.MinSizeRel|Win32.Build.0 = MinSizeRel|Win32
		{0026769B-3293-4EF9-A9C7-132D582D9A7D}.RelWithDebInfo|Win32.ActiveCfg = RelWithDebInfo|Win32
		{0026769B-3293-4EF9-A9C7-132D582D9A7D}.RelWithDebInfo|Win32.Build.0 = RelWithDebInfo|Win32
		{CF66184C-97D9-4B57-B05C-256148FBA39C}.Debug|Win32.ActiveCfg = Debug|Win32
		{CF66184C-97D9-4B57-B05C-256148FBA39C}.Debug|Win32.Build.0 = Debug|Win32
		{CF66184C-97D9-4B57-B05C-256148FBA39C}.Release|Win32.ActiveCfg = Release|Win32
		{CF66184C-97D9-4B57-B05C-256148FBA39C}.Release|Win32.Build.0 = Release|Win32
		{CF66184C-97D9-4B57-B05C-256148FBA39C}.MinSizeRel|Win32.ActiveCfg = MinSizeRel|Win32
		{CF66184C-97D9-4B57-B05C-256148FBA39C}.MinSizeRel|Win32.Build.0 = MinSizeRel|Win32
		{CF66184C-97D9-4B57-B05C-256148FBA39C}.RelWithDebInfo|Win32.ActiveCfg = RelWithDebInfo|Win32
		{CF66184C-97D9-4B57-B05C-256148FBA39C}.RelWithDebInfo|Win32.Build.0 = RelWithDebInfo|Win32
		{3DF0B844-BE68-4BDA-A21C-9B1BBD868C51}.Debug|Win32.ActiveCfg = Debug|Win32
		{3DF0B844-BE68-4BDA-A21C-9B1BBD868C51}.Debug|Win32.Build.0 = Debug|Win32
		{3DF0B844-BE68-4BDA-A21C-9B1BBD868C51}.Release|Win32.ActiveCfg = Release|Win32
		{3DF0B844-BE68-4BDA-A21C-9B1BBD868C51}.Release|Win32.Build.0 = Release|Win32
		{3DF0B844-BE68-4BDA-A21C-9B1BBD868C51}.MinSizeRel|Win32.ActiveCfg = MinSizeRel|Win32
		{3DF0B844-BE68-4BDA-A21C-9B1BBD868C51}.MinSizeRel|Win32.Build.0 = MinSizeRel|Win32
		{3DF0B844-BE68-4BDA-A21C-9B1BBD868C51}.RelWithDebInfo|Win32.ActiveCfg = RelWithDebInfo|Win32
		{3DF0B844-BE68-4BDA-A21C-9B1BBD868C51}.RelWithDebInfo|Win32.Build.0 = RelWithDebInfo|Win32
		{4527CF83-2F1C-4764-AFD9-3BCFC0ADAD73}.Debug|Win32.ActiveCfg = Debug|Win32
		{4527CF83-2F1C-4764-AFD9-3BCFC0ADAD73}.Debug|Win32.Build.0 = Debug|Win32
		{4527CF83-2F1C-4764-AFD9-3BCFC0ADAD73}.Release|Win32.ActiveCfg = Release|Win32
		{4527CF83-2F1C-4764-AFD9-3BCFC0ADAD73}.Release|Win32.Build.0 = Release|Win32
		{4527CF83-2F1C-4764-AFD9-3BCFC0ADAD73}.MinSizeRel|Win32.ActiveCfg = MinSizeRel|Win32
		{4527CF83-2F1C-4764-AFD9-3BCFC0ADAD73}.MinSizeRel|Win32.Build.0 = MinSizeRel|Win32
		{4527CF83-2F1C-4764-AFD9-3BCFC0ADAD73}.RelWithDebInfo|Win32.ActiveCfg = RelWithDebInfo|Win32
		{4527CF83-2F1C-4764-AFD9-3BCFC0ADAD73}.RelWithDebInfo|Win32.Build.0 = RelWithDebInfo|Win32
		{5D90A487-E23F-46D1-93F6-D05CE1FEE3BA}.Debug|Win32.ActiveCfg = Debug|Win32
		{5D90A487-E23F-46D1-93F6-D05CE1FEE3BA}.Debug|Win32.Build.0 = Debug|Win32
		{5D90A487-E23F-46D1-93F6-D05CE1FEE3BA}.Release|Win32.ActiveCfg = Release|Win32
		{5D90A487-E23F-46D1-93F6-D05CE1FEE3BA}.Release|Win32.Build.0 = Release|Win32
		{5D90A487-E23F-46D1-93F6-D05CE1FEE3BA}.MinSizeRel|Win32.ActiveCfg = MinSizeRel|Win32
		{5D90A487-E23F-46D1-93F6-D05CE1FEE3BA}.MinSizeRel|Win32.Build.0 = MinSizeRel|Win32
		{5D90A487-E23F-46D1-93F6-D05CE1FEE3BA}.RelWithDebInfo|Win32.ActiveCfg = RelWithDebInfo|Win32
		{5D90A487-E23F-46D1-93F6-D05CE1FEE3BA}.RelWithDebInfo|Win32.Build.0 = RelWithDebInfo|Win32
		{601006DE-FDC9-4BB6-A595-42A184CF77CC}.Debug|Win32.ActiveCfg = Debug|Win32
		{601006DE-FDC9-4BB6-A595-42A184CF77CC}.Debug|Win32.Build.0 = Debug|Win32
		{601006DE-FDC9-4BB6-A595-42A184CF77CC}.Release|Win32.ActiveCfg = Release|Win32
		{601006DE-FDC9-4BB6-A595-42A184CF77CC}.Release|Win32.Build.0 = Release|Win32
		{601006DE-FDC9-4BB6-A595-42A184CF77CC}.MinSizeRel|Win32.ActiveCfg = MinSizeRel|Win32
		{601006DE-FDC9-4BB6-A595-42A184CF77CC}.MinSizeRel|Win32.Build.0 = MinSizeRel|Win32
		{601006DE-FDC9-4BB6-A595-42A184CF77CC}.RelWithDebInfo|Win32.ActiveCfg = RelWithDebInfo|Win32
		{601006DE-FDC9-4BB6-A595-42A184CF77CC}.RelWithDebInfo|Win32.Build.0 = RelWithDebInfo|Win32
	EndGlobalSection
	GlobalSection(ExtensibilityGlobals) = postSolution
	EndGlobalSection
	GlobalSection(ExtensibilityAddIns) = postSolution
	EndGlobalSection
EndGlobal
